PODS:
  - AFNetworking (3.1.0):
    - AFNetworking/NSURLSession (= 3.1.0)
    - AFNetworking/Reachability (= 3.1.0)
    - AFNetworking/Security (= 3.1.0)
    - AFNetworking/Serialization (= 3.1.0)
    - AFNetworking/UIKit (= 3.1.0)
  - AFNetworking/NSURLSession (3.1.0):
    - AFNetworking/Reachability
    - AFNetworking/Security
    - AFNetworking/Serialization
  - AFNetworking/Reachability (3.1.0)
  - AFNetworking/Security (3.1.0)
  - AFNetworking/Serialization (3.1.0)
  - AFNetworking/UIKit (3.1.0):
    - AFNetworking/NSURLSession
  - AMapFoundation (1.1.0)
  - AMapLocation (2.0.0):
    - AMapFoundation (~> 1.0)
  - MJExtension (3.0.10)

DEPENDENCIES:
  - AFNetworking
  - AMapLocation
  - MJExtension

SPEC CHECKSUMS:
  AFNetworking: 5e0e199f73d8626b11e79750991f5d173d1f8b67
  AMapFoundation: 15db20567e6512422a086a01b42a88b145bc2500
  AMapLocation: 40141a31e7c584e59d590079eb8e565a90ecdf4d
  MJExtension: d86aacb740c87519d20e3cca55b6fa4be6cc7548

COCOAPODS: 0.39.0
