// !$*UTF8*$!
{
	archiveVersion = 1;
	classes = {
	};
	objectVersion = 46;
	objects = {

/* Begin PBXBuildFile section */
		027C50146EB4EDC8FD1AA0EE /* libPods.a in Frameworks */ = {isa = PBXBuildFile; fileRef = 8EBE3C7D899E2F93186C9F14 /* libPods.a */; };
		1875E8C31D24150A00FD6502 /* WKWeatherBriefView.m in Sources */ = {isa = PBXBuildFile; fileRef = 1875E8C21D24150A00FD6502 /* WKWeatherBriefView.m */; };
		1875E8C51D24152700FD6502 /* WKWeatherBriefView.xib in Resources */ = {isa = PBXBuildFile; fileRef = 1875E8C41D24152700FD6502 /* WKWeatherBriefView.xib */; };
		18D376C41D1505900060C35B /* main.m in Sources */ = {isa = PBXBuildFile; fileRef = 18D376C31D1505900060C35B /* main.m */; };
		18D376C71D1505900060C35B /* AppDelegate.m in Sources */ = {isa = PBXBuildFile; fileRef = 18D376C61D1505900060C35B /* AppDelegate.m */; };
		18D376CD1D1505900060C35B /* Main.storyboard in Resources */ = {isa = PBXBuildFile; fileRef = 18D376CB1D1505900060C35B /* Main.storyboard */; };
		18D376CF1D1505900060C35B /* Assets.xcassets in Resources */ = {isa = PBXBuildFile; fileRef = 18D376CE1D1505900060C35B /* Assets.xcassets */; };
		18D376D21D1505900060C35B /* LaunchScreen.storyboard in Resources */ = {isa = PBXBuildFile; fileRef = 18D376D01D1505900060C35B /* LaunchScreen.storyboard */; };
		18D376DD1D1505900060C35B /* WK__Tests.m in Sources */ = {isa = PBXBuildFile; fileRef = 18D376DC1D1505900060C35B /* WK__Tests.m */; };
		18D376E81D1505900060C35B /* WK__UITests.m in Sources */ = {isa = PBXBuildFile; fileRef = 18D376E71D1505900060C35B /* WK__UITests.m */; };
		431C326A1D1D098000BF5C73 /* WKCityListVC.m in Sources */ = {isa = PBXBuildFile; fileRef = 431C32691D1D098000BF5C73 /* WKCityListVC.m */; };
		4334522E1D23CC9D0091BCBD /* WKBriefWeatherVC.m in Sources */ = {isa = PBXBuildFile; fileRef = 4334522D1D23CC9D0091BCBD /* WKBriefWeatherVC.m */; };
		433452321D23CD870091BCBD /* WKBaseAnimator.m in Sources */ = {isa = PBXBuildFile; fileRef = 433452311D23CD870091BCBD /* WKBaseAnimator.m */; };
		433452351D23CD980091BCBD /* WKAnimatorManager.m in Sources */ = {isa = PBXBuildFile; fileRef = 433452341D23CD980091BCBD /* WKAnimatorManager.m */; };
		433452381D23CE260091BCBD /* WKFilpToonAnimator.m in Sources */ = {isa = PBXBuildFile; fileRef = 433452371D23CE260091BCBD /* WKFilpToonAnimator.m */; };
		4334523B1D23D1C80091BCBD /* WKCircleSpreadAnimator.m in Sources */ = {isa = PBXBuildFile; fileRef = 4334523A1D23D1C80091BCBD /* WKCircleSpreadAnimator.m */; };
		4334523E1D23D2F10091BCBD /* WKWindowedModelAnimator.m in Sources */ = {isa = PBXBuildFile; fileRef = 4334523D1D23D2F10091BCBD /* WKWindowedModelAnimator.m */; };
		433452411D23E5300091BCBD /* WKModelBaseVC.m in Sources */ = {isa = PBXBuildFile; fileRef = 433452401D23E5300091BCBD /* WKModelBaseVC.m */; };
		4373B5D81D178E8800BE6009 /* WKUserInfomation.m in Sources */ = {isa = PBXBuildFile; fileRef = 4373B5D71D178E8800BE6009 /* WKUserInfomation.m */; };
		43AC309A1D1A212500C4C8CA /* ProvinecesData.plist in Resources */ = {isa = PBXBuildFile; fileRef = 43AC30991D1A212500C4C8CA /* ProvinecesData.plist */; };
		43AC309D1D1A3CA600C4C8CA /* WKNavView.m in Sources */ = {isa = PBXBuildFile; fileRef = 43AC309C1D1A3CA600C4C8CA /* WKNavView.m */; };
		43AC30AD1D1A772400C4C8CA /* UIPickerView+WKHideSelectedLine.m in Sources */ = {isa = PBXBuildFile; fileRef = 43AC30AC1D1A772400C4C8CA /* UIPickerView+WKHideSelectedLine.m */; };
		43AC30B01D1A8C5400C4C8CA /* WKEffectLabel.m in Sources */ = {isa = PBXBuildFile; fileRef = 43AC30AF1D1A8C5400C4C8CA /* WKEffectLabel.m */; };
		43AC30B31D1A985C00C4C8CA /* NSString+WKNumberToChinese.m in Sources */ = {isa = PBXBuildFile; fileRef = 43AC30B21D1A985C00C4C8CA /* NSString+WKNumberToChinese.m */; };
		43AD78C51D1B689A0024E586 /* WKTopView.m in Sources */ = {isa = PBXBuildFile; fileRef = 43AD78C41D1B689A0024E586 /* WKTopView.m */; };
		43AD78C71D1B68CA0024E586 /* WKTopView.xib in Resources */ = {isa = PBXBuildFile; fileRef = 43AD78C61D1B68CA0024E586 /* WKTopView.xib */; };
		43AD78CA1D1B713E0024E586 /* WKWeatherView.m in Sources */ = {isa = PBXBuildFile; fileRef = 43AD78C91D1B713E0024E586 /* WKWeatherView.m */; };
		43AD78CD1D1B77940024E586 /* WKMainPageVC.m in Sources */ = {isa = PBXBuildFile; fileRef = 43AD78CC1D1B77940024E586 /* WKMainPageVC.m */; };
		43B1B3B61D24A53C004F0D9C /* WKBriefCell.m in Sources */ = {isa = PBXBuildFile; fileRef = 43B1B3B41D24A53C004F0D9C /* WKBriefCell.m */; };
		43B1B3B71D24A53C004F0D9C /* WKBriefCell.xib in Resources */ = {isa = PBXBuildFile; fileRef = 43B1B3B51D24A53C004F0D9C /* WKBriefCell.xib */; };
		43B1B3C61D2507E8004F0D9C /* UIImage+WKScreenshots.m in Sources */ = {isa = PBXBuildFile; fileRef = 43B1B3C51D2507E8004F0D9C /* UIImage+WKScreenshots.m */; };
		43C2D1AE1D18D648001F2DC3 /* weather_code_day_0.png in Resources */ = {isa = PBXBuildFile; fileRef = 43C2D1471D18D648001F2DC3 /* weather_code_day_0.png */; };
		43C2D1AF1D18D648001F2DC3 /* weather_code_day_0@2x.png in Resources */ = {isa = PBXBuildFile; fileRef = 43C2D1481D18D648001F2DC3 /* weather_code_day_0@2x.png */; };
		43C2D1B01D18D648001F2DC3 /* weather_code_day_0@3x.png in Resources */ = {isa = PBXBuildFile; fileRef = 43C2D1491D18D648001F2DC3 /* weather_code_day_0@3x.png */; };
		43C2D1B11D18D648001F2DC3 /* weather_code_day_1.png in Resources */ = {isa = PBXBuildFile; fileRef = 43C2D14A1D18D648001F2DC3 /* weather_code_day_1.png */; };
		43C2D1B21D18D648001F2DC3 /* weather_code_day_10.png in Resources */ = {isa = PBXBuildFile; fileRef = 43C2D14B1D18D648001F2DC3 /* weather_code_day_10.png */; };
		43C2D1B31D18D648001F2DC3 /* weather_code_day_10@2x.png in Resources */ = {isa = PBXBuildFile; fileRef = 43C2D14C1D18D648001F2DC3 /* weather_code_day_10@2x.png */; };
		43C2D1B41D18D648001F2DC3 /* weather_code_day_10@3x.png in Resources */ = {isa = PBXBuildFile; fileRef = 43C2D14D1D18D648001F2DC3 /* weather_code_day_10@3x.png */; };
		43C2D1B51D18D648001F2DC3 /* weather_code_day_11.png in Resources */ = {isa = PBXBuildFile; fileRef = 43C2D14E1D18D648001F2DC3 /* weather_code_day_11.png */; };
		43C2D1B61D18D648001F2DC3 /* weather_code_day_11@2x.png in Resources */ = {isa = PBXBuildFile; fileRef = 43C2D14F1D18D648001F2DC3 /* weather_code_day_11@2x.png */; };
		43C2D1B71D18D648001F2DC3 /* weather_code_day_11@3x.png in Resources */ = {isa = PBXBuildFile; fileRef = 43C2D1501D18D648001F2DC3 /* weather_code_day_11@3x.png */; };
		43C2D1B81D18D648001F2DC3 /* weather_code_day_12.png in Resources */ = {isa = PBXBuildFile; fileRef = 43C2D1511D18D648001F2DC3 /* weather_code_day_12.png */; };
		43C2D1B91D18D648001F2DC3 /* weather_code_day_12@2x.png in Resources */ = {isa = PBXBuildFile; fileRef = 43C2D1521D18D648001F2DC3 /* weather_code_day_12@2x.png */; };
		43C2D1BA1D18D648001F2DC3 /* weather_code_day_12@3x.png in Resources */ = {isa = PBXBuildFile; fileRef = 43C2D1531D18D648001F2DC3 /* weather_code_day_12@3x.png */; };
		43C2D1BB1D18D648001F2DC3 /* weather_code_day_13.png in Resources */ = {isa = PBXBuildFile; fileRef = 43C2D1541D18D648001F2DC3 /* weather_code_day_13.png */; };
		43C2D1BC1D18D648001F2DC3 /* weather_code_day_13@2x.png in Resources */ = {isa = PBXBuildFile; fileRef = 43C2D1551D18D648001F2DC3 /* weather_code_day_13@2x.png */; };
		43C2D1BD1D18D648001F2DC3 /* weather_code_day_13@3x.png in Resources */ = {isa = PBXBuildFile; fileRef = 43C2D1561D18D648001F2DC3 /* weather_code_day_13@3x.png */; };
		43C2D1BE1D18D648001F2DC3 /* weather_code_day_14.png in Resources */ = {isa = PBXBuildFile; fileRef = 43C2D1571D18D648001F2DC3 /* weather_code_day_14.png */; };
		43C2D1BF1D18D648001F2DC3 /* weather_code_day_14@2x.png in Resources */ = {isa = PBXBuildFile; fileRef = 43C2D1581D18D648001F2DC3 /* weather_code_day_14@2x.png */; };
		43C2D1C01D18D648001F2DC3 /* weather_code_day_14@3x.png in Resources */ = {isa = PBXBuildFile; fileRef = 43C2D1591D18D648001F2DC3 /* weather_code_day_14@3x.png */; };
		43C2D1C11D18D648001F2DC3 /* weather_code_day_15.png in Resources */ = {isa = PBXBuildFile; fileRef = 43C2D15A1D18D648001F2DC3 /* weather_code_day_15.png */; };
		43C2D1C21D18D648001F2DC3 /* weather_code_day_15@2x.png in Resources */ = {isa = PBXBuildFile; fileRef = 43C2D15B1D18D648001F2DC3 /* weather_code_day_15@2x.png */; };
		43C2D1C31D18D648001F2DC3 /* weather_code_day_15@3x.png in Resources */ = {isa = PBXBuildFile; fileRef = 43C2D15C1D18D648001F2DC3 /* weather_code_day_15@3x.png */; };
		43C2D1C41D18D648001F2DC3 /* weather_code_day_1@2x.png in Resources */ = {isa = PBXBuildFile; fileRef = 43C2D15D1D18D648001F2DC3 /* weather_code_day_1@2x.png */; };
		43C2D1C51D18D648001F2DC3 /* weather_code_day_1@3x.png in Resources */ = {isa = PBXBuildFile; fileRef = 43C2D15E1D18D648001F2DC3 /* weather_code_day_1@3x.png */; };
		43C2D1C61D18D648001F2DC3 /* weather_code_day_2.png in Resources */ = {isa = PBXBuildFile; fileRef = 43C2D15F1D18D648001F2DC3 /* weather_code_day_2.png */; };
		43C2D1C71D18D648001F2DC3 /* weather_code_day_2@2x.png in Resources */ = {isa = PBXBuildFile; fileRef = 43C2D1601D18D648001F2DC3 /* weather_code_day_2@2x.png */; };
		43C2D1C81D18D648001F2DC3 /* weather_code_day_2@3x.png in Resources */ = {isa = PBXBuildFile; fileRef = 43C2D1611D18D648001F2DC3 /* weather_code_day_2@3x.png */; };
		43C2D1C91D18D648001F2DC3 /* weather_code_day_3.png in Resources */ = {isa = PBXBuildFile; fileRef = 43C2D1621D18D648001F2DC3 /* weather_code_day_3.png */; };
		43C2D1CA1D18D648001F2DC3 /* weather_code_day_3@2x.png in Resources */ = {isa = PBXBuildFile; fileRef = 43C2D1631D18D648001F2DC3 /* weather_code_day_3@2x.png */; };
		43C2D1CB1D18D648001F2DC3 /* weather_code_day_3@3x.png in Resources */ = {isa = PBXBuildFile; fileRef = 43C2D1641D18D648001F2DC3 /* weather_code_day_3@3x.png */; };
		43C2D1CC1D18D648001F2DC3 /* weather_code_day_4.png in Resources */ = {isa = PBXBuildFile; fileRef = 43C2D1651D18D648001F2DC3 /* weather_code_day_4.png */; };
		43C2D1CD1D18D648001F2DC3 /* weather_code_day_4@2x.png in Resources */ = {isa = PBXBuildFile; fileRef = 43C2D1661D18D648001F2DC3 /* weather_code_day_4@2x.png */; };
		43C2D1CE1D18D648001F2DC3 /* weather_code_day_4@3x.png in Resources */ = {isa = PBXBuildFile; fileRef = 43C2D1671D18D648001F2DC3 /* weather_code_day_4@3x.png */; };
		43C2D1CF1D18D648001F2DC3 /* weather_code_day_5.png in Resources */ = {isa = PBXBuildFile; fileRef = 43C2D1681D18D648001F2DC3 /* weather_code_day_5.png */; };
		43C2D1D01D18D648001F2DC3 /* weather_code_day_5@2x.png in Resources */ = {isa = PBXBuildFile; fileRef = 43C2D1691D18D648001F2DC3 /* weather_code_day_5@2x.png */; };
		43C2D1D11D18D648001F2DC3 /* weather_code_day_5@3x.png in Resources */ = {isa = PBXBuildFile; fileRef = 43C2D16A1D18D648001F2DC3 /* weather_code_day_5@3x.png */; };
		43C2D1D21D18D648001F2DC3 /* weather_code_day_6.png in Resources */ = {isa = PBXBuildFile; fileRef = 43C2D16B1D18D648001F2DC3 /* weather_code_day_6.png */; };
		43C2D1D31D18D648001F2DC3 /* weather_code_day_6@2x.png in Resources */ = {isa = PBXBuildFile; fileRef = 43C2D16C1D18D648001F2DC3 /* weather_code_day_6@2x.png */; };
		43C2D1D41D18D648001F2DC3 /* weather_code_day_6@3x.png in Resources */ = {isa = PBXBuildFile; fileRef = 43C2D16D1D18D648001F2DC3 /* weather_code_day_6@3x.png */; };
		43C2D1D51D18D648001F2DC3 /* weather_code_day_7.png in Resources */ = {isa = PBXBuildFile; fileRef = 43C2D16E1D18D648001F2DC3 /* weather_code_day_7.png */; };
		43C2D1D61D18D648001F2DC3 /* weather_code_day_7@2x.png in Resources */ = {isa = PBXBuildFile; fileRef = 43C2D16F1D18D648001F2DC3 /* weather_code_day_7@2x.png */; };
		43C2D1D71D18D648001F2DC3 /* weather_code_day_7@3x.png in Resources */ = {isa = PBXBuildFile; fileRef = 43C2D1701D18D648001F2DC3 /* weather_code_day_7@3x.png */; };
		43C2D1D81D18D648001F2DC3 /* weather_code_day_8.png in Resources */ = {isa = PBXBuildFile; fileRef = 43C2D1711D18D648001F2DC3 /* weather_code_day_8.png */; };
		43C2D1D91D18D648001F2DC3 /* weather_code_day_8@2x.png in Resources */ = {isa = PBXBuildFile; fileRef = 43C2D1721D18D648001F2DC3 /* weather_code_day_8@2x.png */; };
		43C2D1DA1D18D648001F2DC3 /* weather_code_day_8@3x.png in Resources */ = {isa = PBXBuildFile; fileRef = 43C2D1731D18D648001F2DC3 /* weather_code_day_8@3x.png */; };
		43C2D1DB1D18D648001F2DC3 /* weather_code_day_9.png in Resources */ = {isa = PBXBuildFile; fileRef = 43C2D1741D18D648001F2DC3 /* weather_code_day_9.png */; };
		43C2D1DC1D18D648001F2DC3 /* weather_code_day_9@2x.png in Resources */ = {isa = PBXBuildFile; fileRef = 43C2D1751D18D648001F2DC3 /* weather_code_day_9@2x.png */; };
		43C2D1DD1D18D648001F2DC3 /* weather_code_day_9@3x.png in Resources */ = {isa = PBXBuildFile; fileRef = 43C2D1761D18D648001F2DC3 /* weather_code_day_9@3x.png */; };
		43C2D1DE1D18D648001F2DC3 /* weather_code_night_0.png in Resources */ = {isa = PBXBuildFile; fileRef = 43C2D1771D18D648001F2DC3 /* weather_code_night_0.png */; };
		43C2D1DF1D18D648001F2DC3 /* weather_code_night_0@2x.png in Resources */ = {isa = PBXBuildFile; fileRef = 43C2D1781D18D648001F2DC3 /* weather_code_night_0@2x.png */; };
		43C2D1E01D18D648001F2DC3 /* weather_code_night_0@3x.png in Resources */ = {isa = PBXBuildFile; fileRef = 43C2D1791D18D648001F2DC3 /* weather_code_night_0@3x.png */; };
		43C2D1E11D18D648001F2DC3 /* weather_code_night_1.png in Resources */ = {isa = PBXBuildFile; fileRef = 43C2D17A1D18D648001F2DC3 /* weather_code_night_1.png */; };
		43C2D1E21D18D648001F2DC3 /* weather_code_night_10.png in Resources */ = {isa = PBXBuildFile; fileRef = 43C2D17B1D18D648001F2DC3 /* weather_code_night_10.png */; };
		43C2D1E31D18D648001F2DC3 /* weather_code_night_10@2x.png in Resources */ = {isa = PBXBuildFile; fileRef = 43C2D17C1D18D648001F2DC3 /* weather_code_night_10@2x.png */; };
		43C2D1E41D18D648001F2DC3 /* weather_code_night_10@3x.png in Resources */ = {isa = PBXBuildFile; fileRef = 43C2D17D1D18D648001F2DC3 /* weather_code_night_10@3x.png */; };
		43C2D1E51D18D648001F2DC3 /* weather_code_night_11.png in Resources */ = {isa = PBXBuildFile; fileRef = 43C2D17E1D18D648001F2DC3 /* weather_code_night_11.png */; };
		43C2D1E61D18D648001F2DC3 /* weather_code_night_11@2x.png in Resources */ = {isa = PBXBuildFile; fileRef = 43C2D17F1D18D648001F2DC3 /* weather_code_night_11@2x.png */; };
		43C2D1E71D18D648001F2DC3 /* weather_code_night_11@3x.png in Resources */ = {isa = PBXBuildFile; fileRef = 43C2D1801D18D648001F2DC3 /* weather_code_night_11@3x.png */; };
		43C2D1E81D18D648001F2DC3 /* weather_code_night_12.png in Resources */ = {isa = PBXBuildFile; fileRef = 43C2D1811D18D648001F2DC3 /* weather_code_night_12.png */; };
		43C2D1E91D18D648001F2DC3 /* weather_code_night_12@2x.png in Resources */ = {isa = PBXBuildFile; fileRef = 43C2D1821D18D648001F2DC3 /* weather_code_night_12@2x.png */; };
		43C2D1EA1D18D648001F2DC3 /* weather_code_night_12@3x.png in Resources */ = {isa = PBXBuildFile; fileRef = 43C2D1831D18D648001F2DC3 /* weather_code_night_12@3x.png */; };
		43C2D1EB1D18D648001F2DC3 /* weather_code_night_1@2x.png in Resources */ = {isa = PBXBuildFile; fileRef = 43C2D1841D18D648001F2DC3 /* weather_code_night_1@2x.png */; };
		43C2D1EC1D18D648001F2DC3 /* weather_code_night_1@3x.png in Resources */ = {isa = PBXBuildFile; fileRef = 43C2D1851D18D648001F2DC3 /* weather_code_night_1@3x.png */; };
		43C2D1ED1D18D648001F2DC3 /* weather_code_night_2.png in Resources */ = {isa = PBXBuildFile; fileRef = 43C2D1861D18D648001F2DC3 /* weather_code_night_2.png */; };
		43C2D1EE1D18D648001F2DC3 /* weather_code_night_2@2x.png in Resources */ = {isa = PBXBuildFile; fileRef = 43C2D1871D18D648001F2DC3 /* weather_code_night_2@2x.png */; };
		43C2D1EF1D18D648001F2DC3 /* weather_code_night_2@3x.png in Resources */ = {isa = PBXBuildFile; fileRef = 43C2D1881D18D648001F2DC3 /* weather_code_night_2@3x.png */; };
		43C2D1F01D18D648001F2DC3 /* weather_code_night_3.png in Resources */ = {isa = PBXBuildFile; fileRef = 43C2D1891D18D648001F2DC3 /* weather_code_night_3.png */; };
		43C2D1F11D18D648001F2DC3 /* weather_code_night_3@2x.png in Resources */ = {isa = PBXBuildFile; fileRef = 43C2D18A1D18D648001F2DC3 /* weather_code_night_3@2x.png */; };
		43C2D1F21D18D648001F2DC3 /* weather_code_night_3@3x.png in Resources */ = {isa = PBXBuildFile; fileRef = 43C2D18B1D18D648001F2DC3 /* weather_code_night_3@3x.png */; };
		43C2D1F31D18D648001F2DC3 /* weather_code_night_4.png in Resources */ = {isa = PBXBuildFile; fileRef = 43C2D18C1D18D648001F2DC3 /* weather_code_night_4.png */; };
		43C2D1F41D18D648001F2DC3 /* weather_code_night_4@2x.png in Resources */ = {isa = PBXBuildFile; fileRef = 43C2D18D1D18D648001F2DC3 /* weather_code_night_4@2x.png */; };
		43C2D1F51D18D648001F2DC3 /* weather_code_night_4@3x.png in Resources */ = {isa = PBXBuildFile; fileRef = 43C2D18E1D18D648001F2DC3 /* weather_code_night_4@3x.png */; };
		43C2D1F61D18D648001F2DC3 /* weather_code_night_5.png in Resources */ = {isa = PBXBuildFile; fileRef = 43C2D18F1D18D648001F2DC3 /* weather_code_night_5.png */; };
		43C2D1F71D18D648001F2DC3 /* weather_code_night_5@2x.png in Resources */ = {isa = PBXBuildFile; fileRef = 43C2D1901D18D648001F2DC3 /* weather_code_night_5@2x.png */; };
		43C2D1F81D18D648001F2DC3 /* weather_code_night_5@3x.png in Resources */ = {isa = PBXBuildFile; fileRef = 43C2D1911D18D648001F2DC3 /* weather_code_night_5@3x.png */; };
		43C2D1F91D18D648001F2DC3 /* weather_code_night_6.png in Resources */ = {isa = PBXBuildFile; fileRef = 43C2D1921D18D648001F2DC3 /* weather_code_night_6.png */; };
		43C2D1FA1D18D648001F2DC3 /* weather_code_night_6@2x.png in Resources */ = {isa = PBXBuildFile; fileRef = 43C2D1931D18D648001F2DC3 /* weather_code_night_6@2x.png */; };
		43C2D1FB1D18D648001F2DC3 /* weather_code_night_6@3x.png in Resources */ = {isa = PBXBuildFile; fileRef = 43C2D1941D18D648001F2DC3 /* weather_code_night_6@3x.png */; };
		43C2D1FC1D18D648001F2DC3 /* weather_code_night_7.png in Resources */ = {isa = PBXBuildFile; fileRef = 43C2D1951D18D648001F2DC3 /* weather_code_night_7.png */; };
		43C2D1FD1D18D648001F2DC3 /* weather_code_night_7@2x.png in Resources */ = {isa = PBXBuildFile; fileRef = 43C2D1961D18D648001F2DC3 /* weather_code_night_7@2x.png */; };
		43C2D1FE1D18D648001F2DC3 /* weather_code_night_7@3x.png in Resources */ = {isa = PBXBuildFile; fileRef = 43C2D1971D18D648001F2DC3 /* weather_code_night_7@3x.png */; };
		43C2D1FF1D18D648001F2DC3 /* weather_code_night_8.png in Resources */ = {isa = PBXBuildFile; fileRef = 43C2D1981D18D648001F2DC3 /* weather_code_night_8.png */; };
		43C2D2001D18D648001F2DC3 /* weather_code_night_8@2x.png in Resources */ = {isa = PBXBuildFile; fileRef = 43C2D1991D18D648001F2DC3 /* weather_code_night_8@2x.png */; };
		43C2D2011D18D648001F2DC3 /* weather_code_night_8@3x.png in Resources */ = {isa = PBXBuildFile; fileRef = 43C2D19A1D18D648001F2DC3 /* weather_code_night_8@3x.png */; };
		43C2D2021D18D648001F2DC3 /* weather_code_night_9.png in Resources */ = {isa = PBXBuildFile; fileRef = 43C2D19B1D18D648001F2DC3 /* weather_code_night_9.png */; };
		43C2D2031D18D648001F2DC3 /* weather_code_night_9@2x.png in Resources */ = {isa = PBXBuildFile; fileRef = 43C2D19C1D18D648001F2DC3 /* weather_code_night_9@2x.png */; };
		43C2D2041D18D648001F2DC3 /* weather_code_night_9@3x.png in Resources */ = {isa = PBXBuildFile; fileRef = 43C2D19D1D18D648001F2DC3 /* weather_code_night_9@3x.png */; };
		43C2D2051D18D648001F2DC3 /* WKWeatherModel.m in Sources */ = {isa = PBXBuildFile; fileRef = 43C2D1A01D18D648001F2DC3 /* WKWeatherModel.m */; };
		43C2D2061D18D648001F2DC3 /* UIViewExt.m in Sources */ = {isa = PBXBuildFile; fileRef = 43C2D1A31D18D648001F2DC3 /* UIViewExt.m */; };
		43C2D2071D18D648001F2DC3 /* WKMapManager.m in Sources */ = {isa = PBXBuildFile; fileRef = 43C2D1A51D18D648001F2DC3 /* WKMapManager.m */; };
		43C2D2081D18D648001F2DC3 /* WKTimerHolder.m in Sources */ = {isa = PBXBuildFile; fileRef = 43C2D1A71D18D648001F2DC3 /* WKTimerHolder.m */; };
		43C2D2091D18D648001F2DC3 /* WKWeatherManager.m in Sources */ = {isa = PBXBuildFile; fileRef = 43C2D1A91D18D648001F2DC3 /* WKWeatherManager.m */; };
		43C2D20A1D18D648001F2DC3 /* WKWeatherCell.m in Sources */ = {isa = PBXBuildFile; fileRef = 43C2D1AC1D18D648001F2DC3 /* WKWeatherCell.m */; };
		43C2D20B1D18D648001F2DC3 /* WKWeatherCell.xib in Resources */ = {isa = PBXBuildFile; fileRef = 43C2D1AD1D18D648001F2DC3 /* WKWeatherCell.xib */; };
		43C2D2121D18E032001F2DC3 /* WKCityIndexViewController.m in Sources */ = {isa = PBXBuildFile; fileRef = 43C2D2111D18E032001F2DC3 /* WKCityIndexViewController.m */; };
		43ECD8C61D1D252F001474F6 /* WKListCityCell.m in Sources */ = {isa = PBXBuildFile; fileRef = 43ECD8C41D1D252F001474F6 /* WKListCityCell.m */; };
		43ECD8C71D1D252F001474F6 /* WKListCityCell.xib in Resources */ = {isa = PBXBuildFile; fileRef = 43ECD8C51D1D252F001474F6 /* WKListCityCell.xib */; };
		43ECD8C91D1D3E52001474F6 /* top-添加.png in Resources */ = {isa = PBXBuildFile; fileRef = 43ECD8C81D1D3E52001474F6 /* top-添加.png */; };
		43ECD8CC1D1D3FD3001474F6 /* WKDegreesModelView.m in Sources */ = {isa = PBXBuildFile; fileRef = 43ECD8CB1D1D3FD3001474F6 /* WKDegreesModelView.m */; };
		43ECD8CE1D1D3FDF001474F6 /* WKDegreesModelView.xib in Resources */ = {isa = PBXBuildFile; fileRef = 43ECD8CD1D1D3FDF001474F6 /* WKDegreesModelView.xib */; };
		43F1BE2D1D2274A900DD60C6 /* WKAlertView.m in Sources */ = {isa = PBXBuildFile; fileRef = 43F1BE2C1D2274A900DD60C6 /* WKAlertView.m */; };
/* End PBXBuildFile section */

/* Begin PBXContainerItemProxy section */
		18D376D91D1505900060C35B /* PBXContainerItemProxy */ = {
			isa = PBXContainerItemProxy;
			containerPortal = 18D376B71D1505900060C35B /* Project object */;
			proxyType = 1;
			remoteGlobalIDString = 18D376BE1D1505900060C35B;
			remoteInfo = "WK天气";
		};
		18D376E41D1505900060C35B /* PBXContainerItemProxy */ = {
			isa = PBXContainerItemProxy;
			containerPortal = 18D376B71D1505900060C35B /* Project object */;
			proxyType = 1;
			remoteGlobalIDString = 18D376BE1D1505900060C35B;
			remoteInfo = "WK天气";
		};
/* End PBXContainerItemProxy section */

/* Begin PBXFileReference section */
		1875E8C11D24150A00FD6502 /* WKWeatherBriefView.h */ = {isa = PBXFileReference; fileEncoding = 4; lastKnownFileType = sourcecode.c.h; path = WKWeatherBriefView.h; sourceTree = "<group>"; };
		1875E8C21D24150A00FD6502 /* WKWeatherBriefView.m */ = {isa = PBXFileReference; fileEncoding = 4; lastKnownFileType = sourcecode.c.objc; path = WKWeatherBriefView.m; sourceTree = "<group>"; };
		1875E8C41D24152700FD6502 /* WKWeatherBriefView.xib */ = {isa = PBXFileReference; fileEncoding = 4; lastKnownFileType = file.xib; path = WKWeatherBriefView.xib; sourceTree = "<group>"; };
		18D376BF1D1505900060C35B /* WK天气.app */ = {isa = PBXFileReference; explicitFileType = wrapper.application; includeInIndex = 0; path = "WK天气.app"; sourceTree = BUILT_PRODUCTS_DIR; };
		18D376C31D1505900060C35B /* main.m */ = {isa = PBXFileReference; lastKnownFileType = sourcecode.c.objc; path = main.m; sourceTree = "<group>"; };
		18D376C51D1505900060C35B /* AppDelegate.h */ = {isa = PBXFileReference; lastKnownFileType = sourcecode.c.h; path = AppDelegate.h; sourceTree = "<group>"; };
		18D376C61D1505900060C35B /* AppDelegate.m */ = {isa = PBXFileReference; lastKnownFileType = sourcecode.c.objc; path = AppDelegate.m; sourceTree = "<group>"; };
		18D376CC1D1505900060C35B /* Base */ = {isa = PBXFileReference; lastKnownFileType = file.storyboard; name = Base; path = Base.lproj/Main.storyboard; sourceTree = "<group>"; };
		18D376CE1D1505900060C35B /* Assets.xcassets */ = {isa = PBXFileReference; lastKnownFileType = folder.assetcatalog; path = Assets.xcassets; sourceTree = "<group>"; };
		18D376D11D1505900060C35B /* Base */ = {isa = PBXFileReference; lastKnownFileType = file.storyboard; name = Base; path = Base.lproj/LaunchScreen.storyboard; sourceTree = "<group>"; };
		18D376D31D1505900060C35B /* Info.plist */ = {isa = PBXFileReference; lastKnownFileType = text.plist.xml; path = Info.plist; sourceTree = "<group>"; };
		18D376D81D1505900060C35B /* WK天气Tests.xctest */ = {isa = PBXFileReference; explicitFileType = wrapper.cfbundle; includeInIndex = 0; path = "WK天气Tests.xctest"; sourceTree = BUILT_PRODUCTS_DIR; };
		18D376DC1D1505900060C35B /* WK__Tests.m */ = {isa = PBXFileReference; lastKnownFileType = sourcecode.c.objc; path = WK__Tests.m; sourceTree = "<group>"; };
		18D376DE1D1505900060C35B /* Info.plist */ = {isa = PBXFileReference; lastKnownFileType = text.plist.xml; path = Info.plist; sourceTree = "<group>"; };
		18D376E31D1505900060C35B /* WK天气UITests.xctest */ = {isa = PBXFileReference; explicitFileType = wrapper.cfbundle; includeInIndex = 0; path = "WK天气UITests.xctest"; sourceTree = BUILT_PRODUCTS_DIR; };
		18D376E71D1505900060C35B /* WK__UITests.m */ = {isa = PBXFileReference; lastKnownFileType = sourcecode.c.objc; path = WK__UITests.m; sourceTree = "<group>"; };
		18D376E91D1505900060C35B /* Info.plist */ = {isa = PBXFileReference; lastKnownFileType = text.plist.xml; path = Info.plist; sourceTree = "<group>"; };
		431C32681D1D098000BF5C73 /* WKCityListVC.h */ = {isa = PBXFileReference; fileEncoding = 4; lastKnownFileType = sourcecode.c.h; path = WKCityListVC.h; sourceTree = "<group>"; };
		431C32691D1D098000BF5C73 /* WKCityListVC.m */ = {isa = PBXFileReference; fileEncoding = 4; lastKnownFileType = sourcecode.c.objc; path = WKCityListVC.m; sourceTree = "<group>"; };
		4334522C1D23CC9D0091BCBD /* WKBriefWeatherVC.h */ = {isa = PBXFileReference; fileEncoding = 4; lastKnownFileType = sourcecode.c.h; path = WKBriefWeatherVC.h; sourceTree = "<group>"; };
		4334522D1D23CC9D0091BCBD /* WKBriefWeatherVC.m */ = {isa = PBXFileReference; fileEncoding = 4; lastKnownFileType = sourcecode.c.objc; path = WKBriefWeatherVC.m; sourceTree = "<group>"; };
		433452301D23CD870091BCBD /* WKBaseAnimator.h */ = {isa = PBXFileReference; fileEncoding = 4; lastKnownFileType = sourcecode.c.h; path = WKBaseAnimator.h; sourceTree = "<group>"; };
		433452311D23CD870091BCBD /* WKBaseAnimator.m */ = {isa = PBXFileReference; fileEncoding = 4; lastKnownFileType = sourcecode.c.objc; path = WKBaseAnimator.m; sourceTree = "<group>"; };
		433452331D23CD980091BCBD /* WKAnimatorManager.h */ = {isa = PBXFileReference; fileEncoding = 4; lastKnownFileType = sourcecode.c.h; path = WKAnimatorManager.h; sourceTree = "<group>"; };
		433452341D23CD980091BCBD /* WKAnimatorManager.m */ = {isa = PBXFileReference; fileEncoding = 4; lastKnownFileType = sourcecode.c.objc; path = WKAnimatorManager.m; sourceTree = "<group>"; };
		433452361D23CE260091BCBD /* WKFilpToonAnimator.h */ = {isa = PBXFileReference; fileEncoding = 4; lastKnownFileType = sourcecode.c.h; path = WKFilpToonAnimator.h; sourceTree = "<group>"; };
		433452371D23CE260091BCBD /* WKFilpToonAnimator.m */ = {isa = PBXFileReference; fileEncoding = 4; lastKnownFileType = sourcecode.c.objc; path = WKFilpToonAnimator.m; sourceTree = "<group>"; };
		433452391D23D1C80091BCBD /* WKCircleSpreadAnimator.h */ = {isa = PBXFileReference; fileEncoding = 4; lastKnownFileType = sourcecode.c.h; path = WKCircleSpreadAnimator.h; sourceTree = "<group>"; };
		4334523A1D23D1C80091BCBD /* WKCircleSpreadAnimator.m */ = {isa = PBXFileReference; fileEncoding = 4; lastKnownFileType = sourcecode.c.objc; path = WKCircleSpreadAnimator.m; sourceTree = "<group>"; };
		4334523C1D23D2F10091BCBD /* WKWindowedModelAnimator.h */ = {isa = PBXFileReference; fileEncoding = 4; lastKnownFileType = sourcecode.c.h; path = WKWindowedModelAnimator.h; sourceTree = "<group>"; };
		4334523D1D23D2F10091BCBD /* WKWindowedModelAnimator.m */ = {isa = PBXFileReference; fileEncoding = 4; lastKnownFileType = sourcecode.c.objc; path = WKWindowedModelAnimator.m; sourceTree = "<group>"; };
		4334523F1D23E5300091BCBD /* WKModelBaseVC.h */ = {isa = PBXFileReference; fileEncoding = 4; lastKnownFileType = sourcecode.c.h; path = WKModelBaseVC.h; sourceTree = "<group>"; };
		433452401D23E5300091BCBD /* WKModelBaseVC.m */ = {isa = PBXFileReference; fileEncoding = 4; lastKnownFileType = sourcecode.c.objc; path = WKModelBaseVC.m; sourceTree = "<group>"; };
		4373B5D61D178E8800BE6009 /* WKUserInfomation.h */ = {isa = PBXFileReference; fileEncoding = 4; lastKnownFileType = sourcecode.c.h; path = WKUserInfomation.h; sourceTree = "<group>"; };
		4373B5D71D178E8800BE6009 /* WKUserInfomation.m */ = {isa = PBXFileReference; fileEncoding = 4; lastKnownFileType = sourcecode.c.objc; path = WKUserInfomation.m; sourceTree = "<group>"; };
		43AC30991D1A212500C4C8CA /* ProvinecesData.plist */ = {isa = PBXFileReference; fileEncoding = 4; lastKnownFileType = text.plist.xml; path = ProvinecesData.plist; sourceTree = "<group>"; };
		43AC309B1D1A3CA600C4C8CA /* WKNavView.h */ = {isa = PBXFileReference; fileEncoding = 4; lastKnownFileType = sourcecode.c.h; path = WKNavView.h; sourceTree = "<group>"; };
		43AC309C1D1A3CA600C4C8CA /* WKNavView.m */ = {isa = PBXFileReference; fileEncoding = 4; lastKnownFileType = sourcecode.c.objc; path = WKNavView.m; sourceTree = "<group>"; };
		43AC30AB1D1A772400C4C8CA /* UIPickerView+WKHideSelectedLine.h */ = {isa = PBXFileReference; fileEncoding = 4; lastKnownFileType = sourcecode.c.h; path = "UIPickerView+WKHideSelectedLine.h"; sourceTree = "<group>"; };
		43AC30AC1D1A772400C4C8CA /* UIPickerView+WKHideSelectedLine.m */ = {isa = PBXFileReference; fileEncoding = 4; lastKnownFileType = sourcecode.c.objc; path = "UIPickerView+WKHideSelectedLine.m"; sourceTree = "<group>"; };
		43AC30AE1D1A8C5400C4C8CA /* WKEffectLabel.h */ = {isa = PBXFileReference; fileEncoding = 4; lastKnownFileType = sourcecode.c.h; path = WKEffectLabel.h; sourceTree = "<group>"; };
		43AC30AF1D1A8C5400C4C8CA /* WKEffectLabel.m */ = {isa = PBXFileReference; fileEncoding = 4; lastKnownFileType = sourcecode.c.objc; path = WKEffectLabel.m; sourceTree = "<group>"; };
		43AC30B11D1A985C00C4C8CA /* NSString+WKNumberToChinese.h */ = {isa = PBXFileReference; fileEncoding = 4; lastKnownFileType = sourcecode.c.h; path = "NSString+WKNumberToChinese.h"; sourceTree = "<group>"; };
		43AC30B21D1A985C00C4C8CA /* NSString+WKNumberToChinese.m */ = {isa = PBXFileReference; fileEncoding = 4; lastKnownFileType = sourcecode.c.objc; path = "NSString+WKNumberToChinese.m"; sourceTree = "<group>"; };
		43AD78C31D1B689A0024E586 /* WKTopView.h */ = {isa = PBXFileReference; fileEncoding = 4; lastKnownFileType = sourcecode.c.h; path = WKTopView.h; sourceTree = "<group>"; };
		43AD78C41D1B689A0024E586 /* WKTopView.m */ = {isa = PBXFileReference; fileEncoding = 4; lastKnownFileType = sourcecode.c.objc; path = WKTopView.m; sourceTree = "<group>"; };
		43AD78C61D1B68CA0024E586 /* WKTopView.xib */ = {isa = PBXFileReference; fileEncoding = 4; lastKnownFileType = file.xib; path = WKTopView.xib; sourceTree = "<group>"; };
		43AD78C81D1B713E0024E586 /* WKWeatherView.h */ = {isa = PBXFileReference; fileEncoding = 4; lastKnownFileType = sourcecode.c.h; path = WKWeatherView.h; sourceTree = "<group>"; };
		43AD78C91D1B713E0024E586 /* WKWeatherView.m */ = {isa = PBXFileReference; fileEncoding = 4; lastKnownFileType = sourcecode.c.objc; path = WKWeatherView.m; sourceTree = "<group>"; };
		43AD78CB1D1B77940024E586 /* WKMainPageVC.h */ = {isa = PBXFileReference; fileEncoding = 4; lastKnownFileType = sourcecode.c.h; path = WKMainPageVC.h; sourceTree = "<group>"; };
		43AD78CC1D1B77940024E586 /* WKMainPageVC.m */ = {isa = PBXFileReference; fileEncoding = 4; lastKnownFileType = sourcecode.c.objc; path = WKMainPageVC.m; sourceTree = "<group>"; };
		43B1B3B31D24A53C004F0D9C /* WKBriefCell.h */ = {isa = PBXFileReference; fileEncoding = 4; lastKnownFileType = sourcecode.c.h; path = WKBriefCell.h; sourceTree = "<group>"; };
		43B1B3B41D24A53C004F0D9C /* WKBriefCell.m */ = {isa = PBXFileReference; fileEncoding = 4; lastKnownFileType = sourcecode.c.objc; path = WKBriefCell.m; sourceTree = "<group>"; };
		43B1B3B51D24A53C004F0D9C /* WKBriefCell.xib */ = {isa = PBXFileReference; fileEncoding = 4; lastKnownFileType = file.xib; path = WKBriefCell.xib; sourceTree = "<group>"; };
		43B1B3C41D2507E8004F0D9C /* UIImage+WKScreenshots.h */ = {isa = PBXFileReference; fileEncoding = 4; lastKnownFileType = sourcecode.c.h; path = "UIImage+WKScreenshots.h"; sourceTree = "<group>"; };
		43B1B3C51D2507E8004F0D9C /* UIImage+WKScreenshots.m */ = {isa = PBXFileReference; fileEncoding = 4; lastKnownFileType = sourcecode.c.objc; path = "UIImage+WKScreenshots.m"; sourceTree = "<group>"; };
		43C2D1471D18D648001F2DC3 /* weather_code_day_0.png */ = {isa = PBXFileReference; lastKnownFileType = image.png; path = weather_code_day_0.png; sourceTree = "<group>"; };
		43C2D1481D18D648001F2DC3 /* weather_code_day_0@2x.png */ = {isa = PBXFileReference; lastKnownFileType = image.png; path = "weather_code_day_0@2x.png"; sourceTree = "<group>"; };
		43C2D1491D18D648001F2DC3 /* weather_code_day_0@3x.png */ = {isa = PBXFileReference; lastKnownFileType = image.png; path = "weather_code_day_0@3x.png"; sourceTree = "<group>"; };
		43C2D14A1D18D648001F2DC3 /* weather_code_day_1.png */ = {isa = PBXFileReference; lastKnownFileType = image.png; path = weather_code_day_1.png; sourceTree = "<group>"; };
		43C2D14B1D18D648001F2DC3 /* weather_code_day_10.png */ = {isa = PBXFileReference; lastKnownFileType = image.png; path = weather_code_day_10.png; sourceTree = "<group>"; };
		43C2D14C1D18D648001F2DC3 /* weather_code_day_10@2x.png */ = {isa = PBXFileReference; lastKnownFileType = image.png; path = "weather_code_day_10@2x.png"; sourceTree = "<group>"; };
		43C2D14D1D18D648001F2DC3 /* weather_code_day_10@3x.png */ = {isa = PBXFileReference; lastKnownFileType = image.png; path = "weather_code_day_10@3x.png"; sourceTree = "<group>"; };
		43C2D14E1D18D648001F2DC3 /* weather_code_day_11.png */ = {isa = PBXFileReference; lastKnownFileType = image.png; path = weather_code_day_11.png; sourceTree = "<group>"; };
		43C2D14F1D18D648001F2DC3 /* weather_code_day_11@2x.png */ = {isa = PBXFileReference; lastKnownFileType = image.png; path = "weather_code_day_11@2x.png"; sourceTree = "<group>"; };
		43C2D1501D18D648001F2DC3 /* weather_code_day_11@3x.png */ = {isa = PBXFileReference; lastKnownFileType = image.png; path = "weather_code_day_11@3x.png"; sourceTree = "<group>"; };
		43C2D1511D18D648001F2DC3 /* weather_code_day_12.png */ = {isa = PBXFileReference; lastKnownFileType = image.png; path = weather_code_day_12.png; sourceTree = "<group>"; };
		43C2D1521D18D648001F2DC3 /* weather_code_day_12@2x.png */ = {isa = PBXFileReference; lastKnownFileType = image.png; path = "weather_code_day_12@2x.png"; sourceTree = "<group>"; };
		43C2D1531D18D648001F2DC3 /* weather_code_day_12@3x.png */ = {isa = PBXFileReference; lastKnownFileType = image.png; path = "weather_code_day_12@3x.png"; sourceTree = "<group>"; };
		43C2D1541D18D648001F2DC3 /* weather_code_day_13.png */ = {isa = PBXFileReference; lastKnownFileType = image.png; path = weather_code_day_13.png; sourceTree = "<group>"; };
		43C2D1551D18D648001F2DC3 /* weather_code_day_13@2x.png */ = {isa = PBXFileReference; lastKnownFileType = image.png; path = "weather_code_day_13@2x.png"; sourceTree = "<group>"; };
		43C2D1561D18D648001F2DC3 /* weather_code_day_13@3x.png */ = {isa = PBXFileReference; lastKnownFileType = image.png; path = "weather_code_day_13@3x.png"; sourceTree = "<group>"; };
		43C2D1571D18D648001F2DC3 /* weather_code_day_14.png */ = {isa = PBXFileReference; lastKnownFileType = image.png; path = weather_code_day_14.png; sourceTree = "<group>"; };
		43C2D1581D18D648001F2DC3 /* weather_code_day_14@2x.png */ = {isa = PBXFileReference; lastKnownFileType = image.png; path = "weather_code_day_14@2x.png"; sourceTree = "<group>"; };
		43C2D1591D18D648001F2DC3 /* weather_code_day_14@3x.png */ = {isa = PBXFileReference; lastKnownFileType = image.png; path = "weather_code_day_14@3x.png"; sourceTree = "<group>"; };
		43C2D15A1D18D648001F2DC3 /* weather_code_day_15.png */ = {isa = PBXFileReference; lastKnownFileType = image.png; path = weather_code_day_15.png; sourceTree = "<group>"; };
		43C2D15B1D18D648001F2DC3 /* weather_code_day_15@2x.png */ = {isa = PBXFileReference; lastKnownFileType = image.png; path = "weather_code_day_15@2x.png"; sourceTree = "<group>"; };
		43C2D15C1D18D648001F2DC3 /* weather_code_day_15@3x.png */ = {isa = PBXFileReference; lastKnownFileType = image.png; path = "weather_code_day_15@3x.png"; sourceTree = "<group>"; };
		43C2D15D1D18D648001F2DC3 /* weather_code_day_1@2x.png */ = {isa = PBXFileReference; lastKnownFileType = image.png; path = "weather_code_day_1@2x.png"; sourceTree = "<group>"; };
		43C2D15E1D18D648001F2DC3 /* weather_code_day_1@3x.png */ = {isa = PBXFileReference; lastKnownFileType = image.png; path = "weather_code_day_1@3x.png"; sourceTree = "<group>"; };
		43C2D15F1D18D648001F2DC3 /* weather_code_day_2.png */ = {isa = PBXFileReference; lastKnownFileType = image.png; path = weather_code_day_2.png; sourceTree = "<group>"; };
		43C2D1601D18D648001F2DC3 /* weather_code_day_2@2x.png */ = {isa = PBXFileReference; lastKnownFileType = image.png; path = "weather_code_day_2@2x.png"; sourceTree = "<group>"; };
		43C2D1611D18D648001F2DC3 /* weather_code_day_2@3x.png */ = {isa = PBXFileReference; lastKnownFileType = image.png; path = "weather_code_day_2@3x.png"; sourceTree = "<group>"; };
		43C2D1621D18D648001F2DC3 /* weather_code_day_3.png */ = {isa = PBXFileReference; lastKnownFileType = image.png; path = weather_code_day_3.png; sourceTree = "<group>"; };
		43C2D1631D18D648001F2DC3 /* weather_code_day_3@2x.png */ = {isa = PBXFileReference; lastKnownFileType = image.png; path = "weather_code_day_3@2x.png"; sourceTree = "<group>"; };
		43C2D1641D18D648001F2DC3 /* weather_code_day_3@3x.png */ = {isa = PBXFileReference; lastKnownFileType = image.png; path = "weather_code_day_3@3x.png"; sourceTree = "<group>"; };
		43C2D1651D18D648001F2DC3 /* weather_code_day_4.png */ = {isa = PBXFileReference; lastKnownFileType = image.png; path = weather_code_day_4.png; sourceTree = "<group>"; };
		43C2D1661D18D648001F2DC3 /* weather_code_day_4@2x.png */ = {isa = PBXFileReference; lastKnownFileType = image.png; path = "weather_code_day_4@2x.png"; sourceTree = "<group>"; };
		43C2D1671D18D648001F2DC3 /* weather_code_day_4@3x.png */ = {isa = PBXFileReference; lastKnownFileType = image.png; path = "weather_code_day_4@3x.png"; sourceTree = "<group>"; };
		43C2D1681D18D648001F2DC3 /* weather_code_day_5.png */ = {isa = PBXFileReference; lastKnownFileType = image.png; path = weather_code_day_5.png; sourceTree = "<group>"; };
		43C2D1691D18D648001F2DC3 /* weather_code_day_5@2x.png */ = {isa = PBXFileReference; lastKnownFileType = image.png; path = "weather_code_day_5@2x.png"; sourceTree = "<group>"; };
		43C2D16A1D18D648001F2DC3 /* weather_code_day_5@3x.png */ = {isa = PBXFileReference; lastKnownFileType = image.png; path = "weather_code_day_5@3x.png"; sourceTree = "<group>"; };
		43C2D16B1D18D648001F2DC3 /* weather_code_day_6.png */ = {isa = PBXFileReference; lastKnownFileType = image.png; path = weather_code_day_6.png; sourceTree = "<group>"; };
		43C2D16C1D18D648001F2DC3 /* weather_code_day_6@2x.png */ = {isa = PBXFileReference; lastKnownFileType = image.png; path = "weather_code_day_6@2x.png"; sourceTree = "<group>"; };
		43C2D16D1D18D648001F2DC3 /* weather_code_day_6@3x.png */ = {isa = PBXFileReference; lastKnownFileType = image.png; path = "weather_code_day_6@3x.png"; sourceTree = "<group>"; };
		43C2D16E1D18D648001F2DC3 /* weather_code_day_7.png */ = {isa = PBXFileReference; lastKnownFileType = image.png; path = weather_code_day_7.png; sourceTree = "<group>"; };
		43C2D16F1D18D648001F2DC3 /* weather_code_day_7@2x.png */ = {isa = PBXFileReference; lastKnownFileType = image.png; path = "weather_code_day_7@2x.png"; sourceTree = "<group>"; };
		43C2D1701D18D648001F2DC3 /* weather_code_day_7@3x.png */ = {isa = PBXFileReference; lastKnownFileType = image.png; path = "weather_code_day_7@3x.png"; sourceTree = "<group>"; };
		43C2D1711D18D648001F2DC3 /* weather_code_day_8.png */ = {isa = PBXFileReference; lastKnownFileType = image.png; path = weather_code_day_8.png; sourceTree = "<group>"; };
		43C2D1721D18D648001F2DC3 /* weather_code_day_8@2x.png */ = {isa = PBXFileReference; lastKnownFileType = image.png; path = "weather_code_day_8@2x.png"; sourceTree = "<group>"; };
		43C2D1731D18D648001F2DC3 /* weather_code_day_8@3x.png */ = {isa = PBXFileReference; lastKnownFileType = image.png; path = "weather_code_day_8@3x.png"; sourceTree = "<group>"; };
		43C2D1741D18D648001F2DC3 /* weather_code_day_9.png */ = {isa = PBXFileReference; lastKnownFileType = image.png; path = weather_code_day_9.png; sourceTree = "<group>"; };
		43C2D1751D18D648001F2DC3 /* weather_code_day_9@2x.png */ = {isa = PBXFileReference; lastKnownFileType = image.png; path = "weather_code_day_9@2x.png"; sourceTree = "<group>"; };
		43C2D1761D18D648001F2DC3 /* weather_code_day_9@3x.png */ = {isa = PBXFileReference; lastKnownFileType = image.png; path = "weather_code_day_9@3x.png"; sourceTree = "<group>"; };
		43C2D1771D18D648001F2DC3 /* weather_code_night_0.png */ = {isa = PBXFileReference; lastKnownFileType = image.png; path = weather_code_night_0.png; sourceTree = "<group>"; };
		43C2D1781D18D648001F2DC3 /* weather_code_night_0@2x.png */ = {isa = PBXFileReference; lastKnownFileType = image.png; path = "weather_code_night_0@2x.png"; sourceTree = "<group>"; };
		43C2D1791D18D648001F2DC3 /* weather_code_night_0@3x.png */ = {isa = PBXFileReference; lastKnownFileType = image.png; path = "weather_code_night_0@3x.png"; sourceTree = "<group>"; };
		43C2D17A1D18D648001F2DC3 /* weather_code_night_1.png */ = {isa = PBXFileReference; lastKnownFileType = image.png; path = weather_code_night_1.png; sourceTree = "<group>"; };
		43C2D17B1D18D648001F2DC3 /* weather_code_night_10.png */ = {isa = PBXFileReference; lastKnownFileType = image.png; path = weather_code_night_10.png; sourceTree = "<group>"; };
		43C2D17C1D18D648001F2DC3 /* weather_code_night_10@2x.png */ = {isa = PBXFileReference; lastKnownFileType = image.png; path = "weather_code_night_10@2x.png"; sourceTree = "<group>"; };
		43C2D17D1D18D648001F2DC3 /* weather_code_night_10@3x.png */ = {isa = PBXFileReference; lastKnownFileType = image.png; path = "weather_code_night_10@3x.png"; sourceTree = "<group>"; };
		43C2D17E1D18D648001F2DC3 /* weather_code_night_11.png */ = {isa = PBXFileReference; lastKnownFileType = image.png; path = weather_code_night_11.png; sourceTree = "<group>"; };
		43C2D17F1D18D648001F2DC3 /* weather_code_night_11@2x.png */ = {isa = PBXFileReference; lastKnownFileType = image.png; path = "weather_code_night_11@2x.png"; sourceTree = "<group>"; };
		43C2D1801D18D648001F2DC3 /* weather_code_night_11@3x.png */ = {isa = PBXFileReference; lastKnownFileType = image.png; path = "weather_code_night_11@3x.png"; sourceTree = "<group>"; };
		43C2D1811D18D648001F2DC3 /* weather_code_night_12.png */ = {isa = PBXFileReference; lastKnownFileType = image.png; path = weather_code_night_12.png; sourceTree = "<group>"; };
		43C2D1821D18D648001F2DC3 /* weather_code_night_12@2x.png */ = {isa = PBXFileReference; lastKnownFileType = image.png; path = "weather_code_night_12@2x.png"; sourceTree = "<group>"; };
		43C2D1831D18D648001F2DC3 /* weather_code_night_12@3x.png */ = {isa = PBXFileReference; lastKnownFileType = image.png; path = "weather_code_night_12@3x.png"; sourceTree = "<group>"; };
		43C2D1841D18D648001F2DC3 /* weather_code_night_1@2x.png */ = {isa = PBXFileReference; lastKnownFileType = image.png; path = "weather_code_night_1@2x.png"; sourceTree = "<group>"; };
		43C2D1851D18D648001F2DC3 /* weather_code_night_1@3x.png */ = {isa = PBXFileReference; lastKnownFileType = image.png; path = "weather_code_night_1@3x.png"; sourceTree = "<group>"; };
		43C2D1861D18D648001F2DC3 /* weather_code_night_2.png */ = {isa = PBXFileReference; lastKnownFileType = image.png; path = weather_code_night_2.png; sourceTree = "<group>"; };
		43C2D1871D18D648001F2DC3 /* weather_code_night_2@2x.png */ = {isa = PBXFileReference; lastKnownFileType = image.png; path = "weather_code_night_2@2x.png"; sourceTree = "<group>"; };
		43C2D1881D18D648001F2DC3 /* weather_code_night_2@3x.png */ = {isa = PBXFileReference; lastKnownFileType = image.png; path = "weather_code_night_2@3x.png"; sourceTree = "<group>"; };
		43C2D1891D18D648001F2DC3 /* weather_code_night_3.png */ = {isa = PBXFileReference; lastKnownFileType = image.png; path = weather_code_night_3.png; sourceTree = "<group>"; };
		43C2D18A1D18D648001F2DC3 /* weather_code_night_3@2x.png */ = {isa = PBXFileReference; lastKnownFileType = image.png; path = "weather_code_night_3@2x.png"; sourceTree = "<group>"; };
		43C2D18B1D18D648001F2DC3 /* weather_code_night_3@3x.png */ = {isa = PBXFileReference; lastKnownFileType = image.png; path = "weather_code_night_3@3x.png"; sourceTree = "<group>"; };
		43C2D18C1D18D648001F2DC3 /* weather_code_night_4.png */ = {isa = PBXFileReference; lastKnownFileType = image.png; path = weather_code_night_4.png; sourceTree = "<group>"; };
		43C2D18D1D18D648001F2DC3 /* weather_code_night_4@2x.png */ = {isa = PBXFileReference; lastKnownFileType = image.png; path = "weather_code_night_4@2x.png"; sourceTree = "<group>"; };
		43C2D18E1D18D648001F2DC3 /* weather_code_night_4@3x.png */ = {isa = PBXFileReference; lastKnownFileType = image.png; path = "weather_code_night_4@3x.png"; sourceTree = "<group>"; };
		43C2D18F1D18D648001F2DC3 /* weather_code_night_5.png */ = {isa = PBXFileReference; lastKnownFileType = image.png; path = weather_code_night_5.png; sourceTree = "<group>"; };
		43C2D1901D18D648001F2DC3 /* weather_code_night_5@2x.png */ = {isa = PBXFileReference; lastKnownFileType = image.png; path = "weather_code_night_5@2x.png"; sourceTree = "<group>"; };
		43C2D1911D18D648001F2DC3 /* weather_code_night_5@3x.png */ = {isa = PBXFileReference; lastKnownFileType = image.png; path = "weather_code_night_5@3x.png"; sourceTree = "<group>"; };
		43C2D1921D18D648001F2DC3 /* weather_code_night_6.png */ = {isa = PBXFileReference; lastKnownFileType = image.png; path = weather_code_night_6.png; sourceTree = "<group>"; };
		43C2D1931D18D648001F2DC3 /* weather_code_night_6@2x.png */ = {isa = PBXFileReference; lastKnownFileType = image.png; path = "weather_code_night_6@2x.png"; sourceTree = "<group>"; };
		43C2D1941D18D648001F2DC3 /* weather_code_night_6@3x.png */ = {isa = PBXFileReference; lastKnownFileType = image.png; path = "weather_code_night_6@3x.png"; sourceTree = "<group>"; };
		43C2D1951D18D648001F2DC3 /* weather_code_night_7.png */ = {isa = PBXFileReference; lastKnownFileType = image.png; path = weather_code_night_7.png; sourceTree = "<group>"; };
		43C2D1961D18D648001F2DC3 /* weather_code_night_7@2x.png */ = {isa = PBXFileReference; lastKnownFileType = image.png; path = "weather_code_night_7@2x.png"; sourceTree = "<group>"; };
		43C2D1971D18D648001F2DC3 /* weather_code_night_7@3x.png */ = {isa = PBXFileReference; lastKnownFileType = image.png; path = "weather_code_night_7@3x.png"; sourceTree = "<group>"; };
		43C2D1981D18D648001F2DC3 /* weather_code_night_8.png */ = {isa = PBXFileReference; lastKnownFileType = image.png; path = weather_code_night_8.png; sourceTree = "<group>"; };
		43C2D1991D18D648001F2DC3 /* weather_code_night_8@2x.png */ = {isa = PBXFileReference; lastKnownFileType = image.png; path = "weather_code_night_8@2x.png"; sourceTree = "<group>"; };
		43C2D19A1D18D648001F2DC3 /* weather_code_night_8@3x.png */ = {isa = PBXFileReference; lastKnownFileType = image.png; path = "weather_code_night_8@3x.png"; sourceTree = "<group>"; };
		43C2D19B1D18D648001F2DC3 /* weather_code_night_9.png */ = {isa = PBXFileReference; lastKnownFileType = image.png; path = weather_code_night_9.png; sourceTree = "<group>"; };
		43C2D19C1D18D648001F2DC3 /* weather_code_night_9@2x.png */ = {isa = PBXFileReference; lastKnownFileType = image.png; path = "weather_code_night_9@2x.png"; sourceTree = "<group>"; };
		43C2D19D1D18D648001F2DC3 /* weather_code_night_9@3x.png */ = {isa = PBXFileReference; lastKnownFileType = image.png; path = "weather_code_night_9@3x.png"; sourceTree = "<group>"; };
		43C2D19F1D18D648001F2DC3 /* WKWeatherModel.h */ = {isa = PBXFileReference; fileEncoding = 4; lastKnownFileType = sourcecode.c.h; path = WKWeatherModel.h; sourceTree = "<group>"; };
		43C2D1A01D18D648001F2DC3 /* WKWeatherModel.m */ = {isa = PBXFileReference; fileEncoding = 4; lastKnownFileType = sourcecode.c.objc; path = WKWeatherModel.m; sourceTree = "<group>"; };
		43C2D1A21D18D648001F2DC3 /* UIViewExt.h */ = {isa = PBXFileReference; fileEncoding = 4; lastKnownFileType = sourcecode.c.h; path = UIViewExt.h; sourceTree = "<group>"; };
		43C2D1A31D18D648001F2DC3 /* UIViewExt.m */ = {isa = PBXFileReference; fileEncoding = 4; lastKnownFileType = sourcecode.c.objc; path = UIViewExt.m; sourceTree = "<group>"; };
		43C2D1A41D18D648001F2DC3 /* WKMapManager.h */ = {isa = PBXFileReference; fileEncoding = 4; lastKnownFileType = sourcecode.c.h; path = WKMapManager.h; sourceTree = "<group>"; };
		43C2D1A51D18D648001F2DC3 /* WKMapManager.m */ = {isa = PBXFileReference; fileEncoding = 4; lastKnownFileType = sourcecode.c.objc; path = WKMapManager.m; sourceTree = "<group>"; };
		43C2D1A61D18D648001F2DC3 /* WKTimerHolder.h */ = {isa = PBXFileReference; fileEncoding = 4; lastKnownFileType = sourcecode.c.h; path = WKTimerHolder.h; sourceTree = "<group>"; };
		43C2D1A71D18D648001F2DC3 /* WKTimerHolder.m */ = {isa = PBXFileReference; fileEncoding = 4; lastKnownFileType = sourcecode.c.objc; path = WKTimerHolder.m; sourceTree = "<group>"; };
		43C2D1A81D18D648001F2DC3 /* WKWeatherManager.h */ = {isa = PBXFileReference; fileEncoding = 4; lastKnownFileType = sourcecode.c.h; path = WKWeatherManager.h; sourceTree = "<group>"; };
		43C2D1A91D18D648001F2DC3 /* WKWeatherManager.m */ = {isa = PBXFileReference; fileEncoding = 4; lastKnownFileType = sourcecode.c.objc; path = WKWeatherManager.m; sourceTree = "<group>"; };
		43C2D1AB1D18D648001F2DC3 /* WKWeatherCell.h */ = {isa = PBXFileReference; fileEncoding = 4; lastKnownFileType = sourcecode.c.h; path = WKWeatherCell.h; sourceTree = "<group>"; };
		43C2D1AC1D18D648001F2DC3 /* WKWeatherCell.m */ = {isa = PBXFileReference; fileEncoding = 4; lastKnownFileType = sourcecode.c.objc; path = WKWeatherCell.m; sourceTree = "<group>"; };
		43C2D1AD1D18D648001F2DC3 /* WKWeatherCell.xib */ = {isa = PBXFileReference; fileEncoding = 4; lastKnownFileType = file.xib; path = WKWeatherCell.xib; sourceTree = "<group>"; };
		43C2D2101D18E032001F2DC3 /* WKCityIndexViewController.h */ = {isa = PBXFileReference; fileEncoding = 4; lastKnownFileType = sourcecode.c.h; path = WKCityIndexViewController.h; sourceTree = "<group>"; };
		43C2D2111D18E032001F2DC3 /* WKCityIndexViewController.m */ = {isa = PBXFileReference; fileEncoding = 4; lastKnownFileType = sourcecode.c.objc; path = WKCityIndexViewController.m; sourceTree = "<group>"; };
		43C2D2141D18E12D001F2DC3 /* WKCommonHeader.pch */ = {isa = PBXFileReference; fileEncoding = 4; lastKnownFileType = sourcecode.c.h; path = WKCommonHeader.pch; sourceTree = "<group>"; };
		43ECD8C31D1D252F001474F6 /* WKListCityCell.h */ = {isa = PBXFileReference; fileEncoding = 4; lastKnownFileType = sourcecode.c.h; path = WKListCityCell.h; sourceTree = "<group>"; };
		43ECD8C41D1D252F001474F6 /* WKListCityCell.m */ = {isa = PBXFileReference; fileEncoding = 4; lastKnownFileType = sourcecode.c.objc; path = WKListCityCell.m; sourceTree = "<group>"; };
		43ECD8C51D1D252F001474F6 /* WKListCityCell.xib */ = {isa = PBXFileReference; fileEncoding = 4; lastKnownFileType = file.xib; path = WKListCityCell.xib; sourceTree = "<group>"; };
		43ECD8C81D1D3E52001474F6 /* top-添加.png */ = {isa = PBXFileReference; lastKnownFileType = image.png; path = "top-添加.png"; sourceTree = "<group>"; };
		43ECD8CA1D1D3FD3001474F6 /* WKDegreesModelView.h */ = {isa = PBXFileReference; fileEncoding = 4; lastKnownFileType = sourcecode.c.h; path = WKDegreesModelView.h; sourceTree = "<group>"; };
		43ECD8CB1D1D3FD3001474F6 /* WKDegreesModelView.m */ = {isa = PBXFileReference; fileEncoding = 4; lastKnownFileType = sourcecode.c.objc; path = WKDegreesModelView.m; sourceTree = "<group>"; };
		43ECD8CD1D1D3FDF001474F6 /* WKDegreesModelView.xib */ = {isa = PBXFileReference; fileEncoding = 4; lastKnownFileType = file.xib; path = WKDegreesModelView.xib; sourceTree = "<group>"; };
		43F1BE2B1D2274A900DD60C6 /* WKAlertView.h */ = {isa = PBXFileReference; fileEncoding = 4; lastKnownFileType = sourcecode.c.h; path = WKAlertView.h; sourceTree = "<group>"; };
		43F1BE2C1D2274A900DD60C6 /* WKAlertView.m */ = {isa = PBXFileReference; fileEncoding = 4; lastKnownFileType = sourcecode.c.objc; path = WKAlertView.m; sourceTree = "<group>"; };
		43F1BE2E1D2275FD00DD60C6 /* Enum.h */ = {isa = PBXFileReference; fileEncoding = 4; lastKnownFileType = sourcecode.c.h; path = Enum.h; sourceTree = "<group>"; };
		8EBE3C7D899E2F93186C9F14 /* libPods.a */ = {isa = PBXFileReference; explicitFileType = archive.ar; includeInIndex = 0; path = libPods.a; sourceTree = BUILT_PRODUCTS_DIR; };
		EA550F750B0E33263F8E474C /* Pods.release.xcconfig */ = {isa = PBXFileReference; includeInIndex = 1; lastKnownFileType = text.xcconfig; name = Pods.release.xcconfig; path = "Pods/Target Support Files/Pods/Pods.release.xcconfig"; sourceTree = "<group>"; };
		F1863BEA34405BB032D75D28 /* Pods.debug.xcconfig */ = {isa = PBXFileReference; includeInIndex = 1; lastKnownFileType = text.xcconfig; name = Pods.debug.xcconfig; path = "Pods/Target Support Files/Pods/Pods.debug.xcconfig"; sourceTree = "<group>"; };
/* End PBXFileReference section */

/* Begin PBXFrameworksBuildPhase section */
		18D376BC1D1505900060C35B /* Frameworks */ = {
			isa = PBXFrameworksBuildPhase;
			buildActionMask = 2147483647;
			files = (
				027C50146EB4EDC8FD1AA0EE /* libPods.a in Frameworks */,
			);
			runOnlyForDeploymentPostprocessing = 0;
		};
		18D376D51D1505900060C35B /* Frameworks */ = {
			isa = PBXFrameworksBuildPhase;
			buildActionMask = 2147483647;
			files = (
			);
			runOnlyForDeploymentPostprocessing = 0;
		};
		18D376E01D1505900060C35B /* Frameworks */ = {
			isa = PBXFrameworksBuildPhase;
			buildActionMask = 2147483647;
			files = (
			);
			runOnlyForDeploymentPostprocessing = 0;
		};
/* End PBXFrameworksBuildPhase section */

/* Begin PBXGroup section */
		18D376B61D1505900060C35B = {
			isa = PBXGroup;
			children = (
				18D376C11D1505900060C35B /* WK天气 */,
				18D376DB1D1505900060C35B /* WK天气Tests */,
				18D376E61D1505900060C35B /* WK天气UITests */,
				18D376C01D1505900060C35B /* Products */,
				3CFC2EDAA1CC9299C1B1C0A9 /* Pods */,
				EF50783472895581386A0BD5 /* Frameworks */,
			);
			sourceTree = "<group>";
		};
		18D376C01D1505900060C35B /* Products */ = {
			isa = PBXGroup;
			children = (
				18D376BF1D1505900060C35B /* WK天气.app */,
				18D376D81D1505900060C35B /* WK天气Tests.xctest */,
				18D376E31D1505900060C35B /* WK天气UITests.xctest */,
			);
			name = Products;
			sourceTree = "<group>";
		};
		18D376C11D1505900060C35B /* WK天气 */ = {
			isa = PBXGroup;
			children = (
				4334522F1D23CD750091BCBD /* animator */,
				43AC30981D1A212500C4C8CA /* File */,
				43C2D20C1D18D656001F2DC3 /* Controller */,
				43C2D1461D18D648001F2DC3 /* images */,
				43C2D19E1D18D648001F2DC3 /* model */,
				43C2D1A11D18D648001F2DC3 /* tool */,
				43C2D1AA1D18D648001F2DC3 /* View */,
				4373B5D61D178E8800BE6009 /* WKUserInfomation.h */,
				4373B5D71D178E8800BE6009 /* WKUserInfomation.m */,
				18D376C51D1505900060C35B /* AppDelegate.h */,
				18D376C61D1505900060C35B /* AppDelegate.m */,
				43C2D2141D18E12D001F2DC3 /* WKCommonHeader.pch */,
				18D376CB1D1505900060C35B /* Main.storyboard */,
				18D376CE1D1505900060C35B /* Assets.xcassets */,
				18D376D01D1505900060C35B /* LaunchScreen.storyboard */,
				18D376D31D1505900060C35B /* Info.plist */,
				18D376C21D1505900060C35B /* Supporting Files */,
			);
			path = "WK天气";
			sourceTree = "<group>";
		};
		18D376C21D1505900060C35B /* Supporting Files */ = {
			isa = PBXGroup;
			children = (
				18D376C31D1505900060C35B /* main.m */,
			);
			name = "Supporting Files";
			sourceTree = "<group>";
		};
		18D376DB1D1505900060C35B /* WK天气Tests */ = {
			isa = PBXGroup;
			children = (
				18D376DC1D1505900060C35B /* WK__Tests.m */,
				18D376DE1D1505900060C35B /* Info.plist */,
			);
			path = "WK天气Tests";
			sourceTree = "<group>";
		};
		18D376E61D1505900060C35B /* WK天气UITests */ = {
			isa = PBXGroup;
			children = (
				18D376E71D1505900060C35B /* WK__UITests.m */,
				18D376E91D1505900060C35B /* Info.plist */,
			);
			path = "WK天气UITests";
			sourceTree = "<group>";
		};
		3CFC2EDAA1CC9299C1B1C0A9 /* Pods */ = {
			isa = PBXGroup;
			children = (
				F1863BEA34405BB032D75D28 /* Pods.debug.xcconfig */,
				EA550F750B0E33263F8E474C /* Pods.release.xcconfig */,
			);
			name = Pods;
			sourceTree = "<group>";
		};
		4334522F1D23CD750091BCBD /* animator */ = {
			isa = PBXGroup;
			children = (
				433452301D23CD870091BCBD /* WKBaseAnimator.h */,
				433452311D23CD870091BCBD /* WKBaseAnimator.m */,
				433452361D23CE260091BCBD /* WKFilpToonAnimator.h */,
				433452371D23CE260091BCBD /* WKFilpToonAnimator.m */,
				433452391D23D1C80091BCBD /* WKCircleSpreadAnimator.h */,
				4334523A1D23D1C80091BCBD /* WKCircleSpreadAnimator.m */,
				4334523C1D23D2F10091BCBD /* WKWindowedModelAnimator.h */,
				4334523D1D23D2F10091BCBD /* WKWindowedModelAnimator.m */,
				433452331D23CD980091BCBD /* WKAnimatorManager.h */,
				433452341D23CD980091BCBD /* WKAnimatorManager.m */,
			);
			path = animator;
			sourceTree = "<group>";
		};
		43AC30981D1A212500C4C8CA /* File */ = {
			isa = PBXGroup;
			children = (
				43ECD8C81D1D3E52001474F6 /* top-添加.png */,
				43AC30991D1A212500C4C8CA /* ProvinecesData.plist */,
			);
			path = File;
			sourceTree = "<group>";
		};
		43C2D1461D18D648001F2DC3 /* images */ = {
			isa = PBXGroup;
			children = (
				43C2D1471D18D648001F2DC3 /* weather_code_day_0.png */,
				43C2D1481D18D648001F2DC3 /* weather_code_day_0@2x.png */,
				43C2D1491D18D648001F2DC3 /* weather_code_day_0@3x.png */,
				43C2D14A1D18D648001F2DC3 /* weather_code_day_1.png */,
				43C2D14B1D18D648001F2DC3 /* weather_code_day_10.png */,
				43C2D14C1D18D648001F2DC3 /* weather_code_day_10@2x.png */,
				43C2D14D1D18D648001F2DC3 /* weather_code_day_10@3x.png */,
				43C2D14E1D18D648001F2DC3 /* weather_code_day_11.png */,
				43C2D14F1D18D648001F2DC3 /* weather_code_day_11@2x.png */,
				43C2D1501D18D648001F2DC3 /* weather_code_day_11@3x.png */,
				43C2D1511D18D648001F2DC3 /* weather_code_day_12.png */,
				43C2D1521D18D648001F2DC3 /* weather_code_day_12@2x.png */,
				43C2D1531D18D648001F2DC3 /* weather_code_day_12@3x.png */,
				43C2D1541D18D648001F2DC3 /* weather_code_day_13.png */,
				43C2D1551D18D648001F2DC3 /* weather_code_day_13@2x.png */,
				43C2D1561D18D648001F2DC3 /* weather_code_day_13@3x.png */,
				43C2D1571D18D648001F2DC3 /* weather_code_day_14.png */,
				43C2D1581D18D648001F2DC3 /* weather_code_day_14@2x.png */,
				43C2D1591D18D648001F2DC3 /* weather_code_day_14@3x.png */,
				43C2D15A1D18D648001F2DC3 /* weather_code_day_15.png */,
				43C2D15B1D18D648001F2DC3 /* weather_code_day_15@2x.png */,
				43C2D15C1D18D648001F2DC3 /* weather_code_day_15@3x.png */,
				43C2D15D1D18D648001F2DC3 /* weather_code_day_1@2x.png */,
				43C2D15E1D18D648001F2DC3 /* weather_code_day_1@3x.png */,
				43C2D15F1D18D648001F2DC3 /* weather_code_day_2.png */,
				43C2D1601D18D648001F2DC3 /* weather_code_day_2@2x.png */,
				43C2D1611D18D648001F2DC3 /* weather_code_day_2@3x.png */,
				43C2D1621D18D648001F2DC3 /* weather_code_day_3.png */,
				43C2D1631D18D648001F2DC3 /* weather_code_day_3@2x.png */,
				43C2D1641D18D648001F2DC3 /* weather_code_day_3@3x.png */,
				43C2D1651D18D648001F2DC3 /* weather_code_day_4.png */,
				43C2D1661D18D648001F2DC3 /* weather_code_day_4@2x.png */,
				43C2D1671D18D648001F2DC3 /* weather_code_day_4@3x.png */,
				43C2D1681D18D648001F2DC3 /* weather_code_day_5.png */,
				43C2D1691D18D648001F2DC3 /* weather_code_day_5@2x.png */,
				43C2D16A1D18D648001F2DC3 /* weather_code_day_5@3x.png */,
				43C2D16B1D18D648001F2DC3 /* weather_code_day_6.png */,
				43C2D16C1D18D648001F2DC3 /* weather_code_day_6@2x.png */,
				43C2D16D1D18D648001F2DC3 /* weather_code_day_6@3x.png */,
				43C2D16E1D18D648001F2DC3 /* weather_code_day_7.png */,
				43C2D16F1D18D648001F2DC3 /* weather_code_day_7@2x.png */,
				43C2D1701D18D648001F2DC3 /* weather_code_day_7@3x.png */,
				43C2D1711D18D648001F2DC3 /* weather_code_day_8.png */,
				43C2D1721D18D648001F2DC3 /* weather_code_day_8@2x.png */,
				43C2D1731D18D648001F2DC3 /* weather_code_day_8@3x.png */,
				43C2D1741D18D648001F2DC3 /* weather_code_day_9.png */,
				43C2D1751D18D648001F2DC3 /* weather_code_day_9@2x.png */,
				43C2D1761D18D648001F2DC3 /* weather_code_day_9@3x.png */,
				43C2D1771D18D648001F2DC3 /* weather_code_night_0.png */,
				43C2D1781D18D648001F2DC3 /* weather_code_night_0@2x.png */,
				43C2D1791D18D648001F2DC3 /* weather_code_night_0@3x.png */,
				43C2D17A1D18D648001F2DC3 /* weather_code_night_1.png */,
				43C2D17B1D18D648001F2DC3 /* weather_code_night_10.png */,
				43C2D17C1D18D648001F2DC3 /* weather_code_night_10@2x.png */,
				43C2D17D1D18D648001F2DC3 /* weather_code_night_10@3x.png */,
				43C2D17E1D18D648001F2DC3 /* weather_code_night_11.png */,
				43C2D17F1D18D648001F2DC3 /* weather_code_night_11@2x.png */,
				43C2D1801D18D648001F2DC3 /* weather_code_night_11@3x.png */,
				43C2D1811D18D648001F2DC3 /* weather_code_night_12.png */,
				43C2D1821D18D648001F2DC3 /* weather_code_night_12@2x.png */,
				43C2D1831D18D648001F2DC3 /* weather_code_night_12@3x.png */,
				43C2D1841D18D648001F2DC3 /* weather_code_night_1@2x.png */,
				43C2D1851D18D648001F2DC3 /* weather_code_night_1@3x.png */,
				43C2D1861D18D648001F2DC3 /* weather_code_night_2.png */,
				43C2D1871D18D648001F2DC3 /* weather_code_night_2@2x.png */,
				43C2D1881D18D648001F2DC3 /* weather_code_night_2@3x.png */,
				43C2D1891D18D648001F2DC3 /* weather_code_night_3.png */,
				43C2D18A1D18D648001F2DC3 /* weather_code_night_3@2x.png */,
				43C2D18B1D18D648001F2DC3 /* weather_code_night_3@3x.png */,
				43C2D18C1D18D648001F2DC3 /* weather_code_night_4.png */,
				43C2D18D1D18D648001F2DC3 /* weather_code_night_4@2x.png */,
				43C2D18E1D18D648001F2DC3 /* weather_code_night_4@3x.png */,
				43C2D18F1D18D648001F2DC3 /* weather_code_night_5.png */,
				43C2D1901D18D648001F2DC3 /* weather_code_night_5@2x.png */,
				43C2D1911D18D648001F2DC3 /* weather_code_night_5@3x.png */,
				43C2D1921D18D648001F2DC3 /* weather_code_night_6.png */,
				43C2D1931D18D648001F2DC3 /* weather_code_night_6@2x.png */,
				43C2D1941D18D648001F2DC3 /* weather_code_night_6@3x.png */,
				43C2D1951D18D648001F2DC3 /* weather_code_night_7.png */,
				43C2D1961D18D648001F2DC3 /* weather_code_night_7@2x.png */,
				43C2D1971D18D648001F2DC3 /* weather_code_night_7@3x.png */,
				43C2D1981D18D648001F2DC3 /* weather_code_night_8.png */,
				43C2D1991D18D648001F2DC3 /* weather_code_night_8@2x.png */,
				43C2D19A1D18D648001F2DC3 /* weather_code_night_8@3x.png */,
				43C2D19B1D18D648001F2DC3 /* weather_code_night_9.png */,
				43C2D19C1D18D648001F2DC3 /* weather_code_night_9@2x.png */,
				43C2D19D1D18D648001F2DC3 /* weather_code_night_9@3x.png */,
			);
			path = images;
			sourceTree = "<group>";
		};
		43C2D19E1D18D648001F2DC3 /* model */ = {
			isa = PBXGroup;
			children = (
				43C2D19F1D18D648001F2DC3 /* WKWeatherModel.h */,
				43C2D1A01D18D648001F2DC3 /* WKWeatherModel.m */,
			);
			path = model;
			sourceTree = "<group>";
		};
		43C2D1A11D18D648001F2DC3 /* tool */ = {
			isa = PBXGroup;
			children = (
				43B1B3C41D2507E8004F0D9C /* UIImage+WKScreenshots.h */,
				43B1B3C51D2507E8004F0D9C /* UIImage+WKScreenshots.m */,
				43F1BE2E1D2275FD00DD60C6 /* Enum.h */,
				43C2D1A21D18D648001F2DC3 /* UIViewExt.h */,
				43C2D1A31D18D648001F2DC3 /* UIViewExt.m */,
				43C2D1A41D18D648001F2DC3 /* WKMapManager.h */,
				43C2D1A51D18D648001F2DC3 /* WKMapManager.m */,
				43C2D1A61D18D648001F2DC3 /* WKTimerHolder.h */,
				43C2D1A71D18D648001F2DC3 /* WKTimerHolder.m */,
				43C2D1A81D18D648001F2DC3 /* WKWeatherManager.h */,
				43C2D1A91D18D648001F2DC3 /* WKWeatherManager.m */,
				43AC30AB1D1A772400C4C8CA /* UIPickerView+WKHideSelectedLine.h */,
				43AC30AC1D1A772400C4C8CA /* UIPickerView+WKHideSelectedLine.m */,
				43AC30B11D1A985C00C4C8CA /* NSString+WKNumberToChinese.h */,
				43AC30B21D1A985C00C4C8CA /* NSString+WKNumberToChinese.m */,
			);
			path = tool;
			sourceTree = "<group>";
		};
		43C2D1AA1D18D648001F2DC3 /* View */ = {
			isa = PBXGroup;
			children = (
				43F1BE2B1D2274A900DD60C6 /* WKAlertView.h */,
				43F1BE2C1D2274A900DD60C6 /* WKAlertView.m */,
				43AC309B1D1A3CA600C4C8CA /* WKNavView.h */,
				43AC309C1D1A3CA600C4C8CA /* WKNavView.m */,
				43C2D1AB1D18D648001F2DC3 /* WKWeatherCell.h */,
				43C2D1AC1D18D648001F2DC3 /* WKWeatherCell.m */,
				43C2D1AD1D18D648001F2DC3 /* WKWeatherCell.xib */,
				43AC30AE1D1A8C5400C4C8CA /* WKEffectLabel.h */,
				43AC30AF1D1A8C5400C4C8CA /* WKEffectLabel.m */,
				43AD78C31D1B689A0024E586 /* WKTopView.h */,
				43AD78C41D1B689A0024E586 /* WKTopView.m */,
				43AD78C61D1B68CA0024E586 /* WKTopView.xib */,
				43AD78C81D1B713E0024E586 /* WKWeatherView.h */,
				43AD78C91D1B713E0024E586 /* WKWeatherView.m */,
				43ECD8C31D1D252F001474F6 /* WKListCityCell.h */,
				43ECD8C41D1D252F001474F6 /* WKListCityCell.m */,
				43ECD8C51D1D252F001474F6 /* WKListCityCell.xib */,
				43ECD8CA1D1D3FD3001474F6 /* WKDegreesModelView.h */,
				43ECD8CB1D1D3FD3001474F6 /* WKDegreesModelView.m */,
				43ECD8CD1D1D3FDF001474F6 /* WKDegreesModelView.xib */,
				1875E8C11D24150A00FD6502 /* WKWeatherBriefView.h */,
				1875E8C21D24150A00FD6502 /* WKWeatherBriefView.m */,
				1875E8C41D24152700FD6502 /* WKWeatherBriefView.xib */,
				43B1B3B31D24A53C004F0D9C /* WKBriefCell.h */,
				43B1B3B41D24A53C004F0D9C /* WKBriefCell.m */,
				43B1B3B51D24A53C004F0D9C /* WKBriefCell.xib */,
			);
			path = View;
			sourceTree = "<group>";
		};
		43C2D20C1D18D656001F2DC3 /* Controller */ = {
			isa = PBXGroup;
			children = (
				43C2D2101D18E032001F2DC3 /* WKCityIndexViewController.h */,
				43C2D2111D18E032001F2DC3 /* WKCityIndexViewController.m */,
				43AD78CB1D1B77940024E586 /* WKMainPageVC.h */,
				43AD78CC1D1B77940024E586 /* WKMainPageVC.m */,
				431C32681D1D098000BF5C73 /* WKCityListVC.h */,
				431C32691D1D098000BF5C73 /* WKCityListVC.m */,
				4334522C1D23CC9D0091BCBD /* WKBriefWeatherVC.h */,
				4334522D1D23CC9D0091BCBD /* WKBriefWeatherVC.m */,
				4334523F1D23E5300091BCBD /* WKModelBaseVC.h */,
				433452401D23E5300091BCBD /* WKModelBaseVC.m */,
			);
			path = Controller;
			sourceTree = "<group>";
		};
		EF50783472895581386A0BD5 /* Frameworks */ = {
			isa = PBXGroup;
			children = (
				8EBE3C7D899E2F93186C9F14 /* libPods.a */,
			);
			name = Frameworks;
			sourceTree = "<group>";
		};
/* End PBXGroup section */

/* Begin PBXNativeTarget section */
		18D376BE1D1505900060C35B /* WK天气 */ = {
			isa = PBXNativeTarget;
			buildConfigurationList = 18D376EC1D1505900060C35B /* Build configuration list for PBXNativeTarget "WK天气" */;
			buildPhases = (
				108AF84828C1C2D788BE805A /* Check Pods Manifest.lock */,
				18D376BB1D1505900060C35B /* Sources */,
				18D376BC1D1505900060C35B /* Frameworks */,
				18D376BD1D1505900060C35B /* Resources */,
				879533FEEF174CC478DFA870 /* Embed Pods Frameworks */,
				EBAFCCC0A0773AD5A8BBB175 /* Copy Pods Resources */,
			);
			buildRules = (
			);
			dependencies = (
			);
			name = "WK天气";
			productName = "WK天气";
			productReference = 18D376BF1D1505900060C35B /* WK天气.app */;
			productType = "com.apple.product-type.application";
		};
		18D376D71D1505900060C35B /* WK天气Tests */ = {
			isa = PBXNativeTarget;
			buildConfigurationList = 18D376EF1D1505900060C35B /* Build configuration list for PBXNativeTarget "WK天气Tests" */;
			buildPhases = (
				18D376D41D1505900060C35B /* Sources */,
				18D376D51D1505900060C35B /* Frameworks */,
				18D376D61D1505900060C35B /* Resources */,
			);
			buildRules = (
			);
			dependencies = (
				18D376DA1D1505900060C35B /* PBXTargetDependency */,
			);
			name = "WK天气Tests";
			productName = "WK天气Tests";
			productReference = 18D376D81D1505900060C35B /* WK天气Tests.xctest */;
			productType = "com.apple.product-type.bundle.unit-test";
		};
		18D376E21D1505900060C35B /* WK天气UITests */ = {
			isa = PBXNativeTarget;
			buildConfigurationList = 18D376F21D1505900060C35B /* Build configuration list for PBXNativeTarget "WK天气UITests" */;
			buildPhases = (
				18D376DF1D1505900060C35B /* Sources */,
				18D376E01D1505900060C35B /* Frameworks */,
				18D376E11D1505900060C35B /* Resources */,
			);
			buildRules = (
			);
			dependencies = (
				18D376E51D1505900060C35B /* PBXTargetDependency */,
			);
			name = "WK天气UITests";
			productName = "WK天气UITests";
			productReference = 18D376E31D1505900060C35B /* WK天气UITests.xctest */;
			productType = "com.apple.product-type.bundle.ui-testing";
		};
/* End PBXNativeTarget section */

/* Begin PBXProject section */
		18D376B71D1505900060C35B /* Project object */ = {
			isa = PBXProject;
			attributes = {
				LastUpgradeCheck = 0730;
				ORGANIZATIONNAME = "王琨";
				TargetAttributes = {
					18D376BE1D1505900060C35B = {
						CreatedOnToolsVersion = 7.3.1;
						SystemCapabilities = {
							com.apple.BackgroundModes = {
								enabled = 1;
							};
						};
					};
					18D376D71D1505900060C35B = {
						CreatedOnToolsVersion = 7.3.1;
						TestTargetID = 18D376BE1D1505900060C35B;
					};
					18D376E21D1505900060C35B = {
						CreatedOnToolsVersion = 7.3.1;
						TestTargetID = 18D376BE1D1505900060C35B;
					};
				};
			};
			buildConfigurationList = 18D376BA1D1505900060C35B /* Build configuration list for PBXProject "WK天气" */;
			compatibilityVersion = "Xcode 3.2";
			developmentRegion = English;
			hasScannedForEncodings = 0;
			knownRegions = (
				en,
				Base,
			);
			mainGroup = 18D376B61D1505900060C35B;
			productRefGroup = 18D376C01D1505900060C35B /* Products */;
			projectDirPath = "";
			projectRoot = "";
			targets = (
				18D376BE1D1505900060C35B /* WK天气 */,
				18D376D71D1505900060C35B /* WK天气Tests */,
				18D376E21D1505900060C35B /* WK天气UITests */,
			);
		};
/* End PBXProject section */

/* Begin PBXResourcesBuildPhase section */
		18D376BD1D1505900060C35B /* Resources */ = {
			isa = PBXResourcesBuildPhase;
			buildActionMask = 2147483647;
			files = (
				43ECD8C91D1D3E52001474F6 /* top-添加.png in Resources */,
				43C2D1FA1D18D648001F2DC3 /* weather_code_night_6@2x.png in Resources */,
				18D376D21D1505900060C35B /* LaunchScreen.storyboard in Resources */,
				43C2D1DE1D18D648001F2DC3 /* weather_code_night_0.png in Resources */,
				43C2D1C01D18D648001F2DC3 /* weather_code_day_14@3x.png in Resources */,
				43C2D1E81D18D648001F2DC3 /* weather_code_night_12.png in Resources */,
				43C2D1F01D18D648001F2DC3 /* weather_code_night_3.png in Resources */,
				43C2D2021D18D648001F2DC3 /* weather_code_night_9.png in Resources */,
				43C2D2001D18D648001F2DC3 /* weather_code_night_8@2x.png in Resources */,
				43C2D1BA1D18D648001F2DC3 /* weather_code_day_12@3x.png in Resources */,
				43AD78C71D1B68CA0024E586 /* WKTopView.xib in Resources */,
				43C2D1F61D18D648001F2DC3 /* weather_code_night_5.png in Resources */,
				43C2D2031D18D648001F2DC3 /* weather_code_night_9@2x.png in Resources */,
				43C2D1E31D18D648001F2DC3 /* weather_code_night_10@2x.png in Resources */,
				43C2D1C31D18D648001F2DC3 /* weather_code_day_15@3x.png in Resources */,
				43C2D1F11D18D648001F2DC3 /* weather_code_night_3@2x.png in Resources */,
				43C2D1E01D18D648001F2DC3 /* weather_code_night_0@3x.png in Resources */,
				43C2D1C51D18D648001F2DC3 /* weather_code_day_1@3x.png in Resources */,
				43C2D1D21D18D648001F2DC3 /* weather_code_day_6.png in Resources */,
				43C2D1FE1D18D648001F2DC3 /* weather_code_night_7@3x.png in Resources */,
				43C2D1DF1D18D648001F2DC3 /* weather_code_night_0@2x.png in Resources */,
				43C2D1B41D18D648001F2DC3 /* weather_code_day_10@3x.png in Resources */,
				43C2D1F21D18D648001F2DC3 /* weather_code_night_3@3x.png in Resources */,
				43C2D1F71D18D648001F2DC3 /* weather_code_night_5@2x.png in Resources */,
				43C2D1C71D18D648001F2DC3 /* weather_code_day_2@2x.png in Resources */,
				43C2D1C81D18D648001F2DC3 /* weather_code_day_2@3x.png in Resources */,
				43C2D1B71D18D648001F2DC3 /* weather_code_day_11@3x.png in Resources */,
				43C2D1F81D18D648001F2DC3 /* weather_code_night_5@3x.png in Resources */,
				43C2D1D01D18D648001F2DC3 /* weather_code_day_5@2x.png in Resources */,
				43C2D1CE1D18D648001F2DC3 /* weather_code_day_4@3x.png in Resources */,
				43C2D1CD1D18D648001F2DC3 /* weather_code_day_4@2x.png in Resources */,
				43C2D1D81D18D648001F2DC3 /* weather_code_day_8.png in Resources */,
				43C2D1DB1D18D648001F2DC3 /* weather_code_day_9.png in Resources */,
				43C2D1E71D18D648001F2DC3 /* weather_code_night_11@3x.png in Resources */,
				43C2D1F41D18D648001F2DC3 /* weather_code_night_4@2x.png in Resources */,
				43C2D1CF1D18D648001F2DC3 /* weather_code_day_5.png in Resources */,
				43C2D1B51D18D648001F2DC3 /* weather_code_day_11.png in Resources */,
				43C2D1DC1D18D648001F2DC3 /* weather_code_day_9@2x.png in Resources */,
				43C2D1B61D18D648001F2DC3 /* weather_code_day_11@2x.png in Resources */,
				43C2D2011D18D648001F2DC3 /* weather_code_night_8@3x.png in Resources */,
				43C2D1CB1D18D648001F2DC3 /* weather_code_day_3@3x.png in Resources */,
				43C2D1F91D18D648001F2DC3 /* weather_code_night_6.png in Resources */,
				43C2D1E21D18D648001F2DC3 /* weather_code_night_10.png in Resources */,
				43C2D1E61D18D648001F2DC3 /* weather_code_night_11@2x.png in Resources */,
				43C2D1BD1D18D648001F2DC3 /* weather_code_day_13@3x.png in Resources */,
				43C2D1DD1D18D648001F2DC3 /* weather_code_day_9@3x.png in Resources */,
				43C2D1BF1D18D648001F2DC3 /* weather_code_day_14@2x.png in Resources */,
				43C2D1EA1D18D648001F2DC3 /* weather_code_night_12@3x.png in Resources */,
				43C2D1FD1D18D648001F2DC3 /* weather_code_night_7@2x.png in Resources */,
				43C2D1EF1D18D648001F2DC3 /* weather_code_night_2@3x.png in Resources */,
				43C2D1EC1D18D648001F2DC3 /* weather_code_night_1@3x.png in Resources */,
				43C2D1D11D18D648001F2DC3 /* weather_code_day_5@3x.png in Resources */,
				43ECD8CE1D1D3FDF001474F6 /* WKDegreesModelView.xib in Resources */,
				43C2D1DA1D18D648001F2DC3 /* weather_code_day_8@3x.png in Resources */,
				43C2D1ED1D18D648001F2DC3 /* weather_code_night_2.png in Resources */,
				43C2D1B31D18D648001F2DC3 /* weather_code_day_10@2x.png in Resources */,
				43C2D1EB1D18D648001F2DC3 /* weather_code_night_1@2x.png in Resources */,
				43C2D1C41D18D648001F2DC3 /* weather_code_day_1@2x.png in Resources */,
				43C2D1F51D18D648001F2DC3 /* weather_code_night_4@3x.png in Resources */,
				43C2D1CA1D18D648001F2DC3 /* weather_code_day_3@2x.png in Resources */,
				43C2D1C91D18D648001F2DC3 /* weather_code_day_3.png in Resources */,
				43AC309A1D1A212500C4C8CA /* ProvinecesData.plist in Resources */,
				43C2D1FF1D18D648001F2DC3 /* weather_code_night_8.png in Resources */,
				43C2D1B21D18D648001F2DC3 /* weather_code_day_10.png in Resources */,
				43C2D1D41D18D648001F2DC3 /* weather_code_day_6@3x.png in Resources */,
				43C2D1C21D18D648001F2DC3 /* weather_code_day_15@2x.png in Resources */,
				43B1B3B71D24A53C004F0D9C /* WKBriefCell.xib in Resources */,
				43C2D1D61D18D648001F2DC3 /* weather_code_day_7@2x.png in Resources */,
				43C2D1B11D18D648001F2DC3 /* weather_code_day_1.png in Resources */,
				43C2D1AF1D18D648001F2DC3 /* weather_code_day_0@2x.png in Resources */,
				43C2D1B81D18D648001F2DC3 /* weather_code_day_12.png in Resources */,
				43C2D1D31D18D648001F2DC3 /* weather_code_day_6@2x.png in Resources */,
				43C2D1BC1D18D648001F2DC3 /* weather_code_day_13@2x.png in Resources */,
				43C2D1BE1D18D648001F2DC3 /* weather_code_day_14.png in Resources */,
				43C2D1FC1D18D648001F2DC3 /* weather_code_night_7.png in Resources */,
				43C2D1C11D18D648001F2DC3 /* weather_code_day_15.png in Resources */,
				43C2D1C61D18D648001F2DC3 /* weather_code_day_2.png in Resources */,
				18D376CF1D1505900060C35B /* Assets.xcassets in Resources */,
				43C2D1BB1D18D648001F2DC3 /* weather_code_day_13.png in Resources */,
				43C2D1D91D18D648001F2DC3 /* weather_code_day_8@2x.png in Resources */,
				43C2D1B01D18D648001F2DC3 /* weather_code_day_0@3x.png in Resources */,
				1875E8C51D24152700FD6502 /* WKWeatherBriefView.xib in Resources */,
				43C2D1FB1D18D648001F2DC3 /* weather_code_night_6@3x.png in Resources */,
				43C2D1D51D18D648001F2DC3 /* weather_code_day_7.png in Resources */,
				43ECD8C71D1D252F001474F6 /* WKListCityCell.xib in Resources */,
				43C2D1E51D18D648001F2DC3 /* weather_code_night_11.png in Resources */,
				18D376CD1D1505900060C35B /* Main.storyboard in Resources */,
				43C2D1D71D18D648001F2DC3 /* weather_code_day_7@3x.png in Resources */,
				43C2D1CC1D18D648001F2DC3 /* weather_code_day_4.png in Resources */,
				43C2D1E91D18D648001F2DC3 /* weather_code_night_12@2x.png in Resources */,
				43C2D20B1D18D648001F2DC3 /* WKWeatherCell.xib in Resources */,
				43C2D1B91D18D648001F2DC3 /* weather_code_day_12@2x.png in Resources */,
				43C2D1EE1D18D648001F2DC3 /* weather_code_night_2@2x.png in Resources */,
				43C2D1AE1D18D648001F2DC3 /* weather_code_day_0.png in Resources */,
				43C2D1F31D18D648001F2DC3 /* weather_code_night_4.png in Resources */,
				43C2D1E11D18D648001F2DC3 /* weather_code_night_1.png in Resources */,
				43C2D2041D18D648001F2DC3 /* weather_code_night_9@3x.png in Resources */,
				43C2D1E41D18D648001F2DC3 /* weather_code_night_10@3x.png in Resources */,
			);
			runOnlyForDeploymentPostprocessing = 0;
		};
		18D376D61D1505900060C35B /* Resources */ = {
			isa = PBXResourcesBuildPhase;
			buildActionMask = 2147483647;
			files = (
			);
			runOnlyForDeploymentPostprocessing = 0;
		};
		18D376E11D1505900060C35B /* Resources */ = {
			isa = PBXResourcesBuildPhase;
			buildActionMask = 2147483647;
			files = (
			);
			runOnlyForDeploymentPostprocessing = 0;
		};
/* End PBXResourcesBuildPhase section */

/* Begin PBXShellScriptBuildPhase section */
		108AF84828C1C2D788BE805A /* Check Pods Manifest.lock */ = {
			isa = PBXShellScriptBuildPhase;
			buildActionMask = 2147483647;
			files = (
			);
			inputPaths = (
			);
			name = "Check Pods Manifest.lock";
			outputPaths = (
			);
			runOnlyForDeploymentPostprocessing = 0;
			shellPath = /bin/sh;
			shellScript = "diff \"${PODS_ROOT}/../Podfile.lock\" \"${PODS_ROOT}/Manifest.lock\" > /dev/null\nif [[ $? != 0 ]] ; then\n    cat << EOM\nerror: The sandbox is not in sync with the Podfile.lock. Run 'pod install' or update your CocoaPods installation.\nEOM\n    exit 1\nfi\n";
			showEnvVarsInLog = 0;
		};
		879533FEEF174CC478DFA870 /* Embed Pods Frameworks */ = {
			isa = PBXShellScriptBuildPhase;
			buildActionMask = 2147483647;
			files = (
			);
			inputPaths = (
			);
			name = "Embed Pods Frameworks";
			outputPaths = (
			);
			runOnlyForDeploymentPostprocessing = 0;
			shellPath = /bin/sh;
			shellScript = "\"${SRCROOT}/Pods/Target Support Files/Pods/Pods-frameworks.sh\"\n";
			showEnvVarsInLog = 0;
		};
		EBAFCCC0A0773AD5A8BBB175 /* Copy Pods Resources */ = {
			isa = PBXShellScriptBuildPhase;
			buildActionMask = 2147483647;
			files = (
			);
			inputPaths = (
			);
			name = "Copy Pods Resources";
			outputPaths = (
			);
			runOnlyForDeploymentPostprocessing = 0;
			shellPath = /bin/sh;
			shellScript = "\"${SRCROOT}/Pods/Target Support Files/Pods/Pods-resources.sh\"\n";
			showEnvVarsInLog = 0;
		};
/* End PBXShellScriptBuildPhase section */

/* Begin PBXSourcesBuildPhase section */
		18D376BB1D1505900060C35B /* Sources */ = {
			isa = PBXSourcesBuildPhase;
			buildActionMask = 2147483647;
			files = (
				43AC309D1D1A3CA600C4C8CA /* WKNavView.m in Sources */,
				4334523E1D23D2F10091BCBD /* WKWindowedModelAnimator.m in Sources */,
				431C326A1D1D098000BF5C73 /* WKCityListVC.m in Sources */,
				433452381D23CE260091BCBD /* WKFilpToonAnimator.m in Sources */,
				43AC30B31D1A985C00C4C8CA /* NSString+WKNumberToChinese.m in Sources */,
				43AC30AD1D1A772400C4C8CA /* UIPickerView+WKHideSelectedLine.m in Sources */,
				18D376C71D1505900060C35B /* AppDelegate.m in Sources */,
				43F1BE2D1D2274A900DD60C6 /* WKAlertView.m in Sources */,
				4373B5D81D178E8800BE6009 /* WKUserInfomation.m in Sources */,
				43C2D2091D18D648001F2DC3 /* WKWeatherManager.m in Sources */,
				4334522E1D23CC9D0091BCBD /* WKBriefWeatherVC.m in Sources */,
				43AD78CD1D1B77940024E586 /* WKMainPageVC.m in Sources */,
				43ECD8CC1D1D3FD3001474F6 /* WKDegreesModelView.m in Sources */,
				43AD78C51D1B689A0024E586 /* WKTopView.m in Sources */,
				43B1B3C61D2507E8004F0D9C /* UIImage+WKScreenshots.m in Sources */,
				43C2D20A1D18D648001F2DC3 /* WKWeatherCell.m in Sources */,
				43C2D2121D18E032001F2DC3 /* WKCityIndexViewController.m in Sources */,
				43C2D2081D18D648001F2DC3 /* WKTimerHolder.m in Sources */,
				43C2D2061D18D648001F2DC3 /* UIViewExt.m in Sources */,
				43B1B3B61D24A53C004F0D9C /* WKBriefCell.m in Sources */,
				1875E8C31D24150A00FD6502 /* WKWeatherBriefView.m in Sources */,
				43C2D2051D18D648001F2DC3 /* WKWeatherModel.m in Sources */,
				43AC30B01D1A8C5400C4C8CA /* WKEffectLabel.m in Sources */,
				4334523B1D23D1C80091BCBD /* WKCircleSpreadAnimator.m in Sources */,
				43C2D2071D18D648001F2DC3 /* WKMapManager.m in Sources */,
				43ECD8C61D1D252F001474F6 /* WKListCityCell.m in Sources */,
				18D376C41D1505900060C35B /* main.m in Sources */,
				43AD78CA1D1B713E0024E586 /* WKWeatherView.m in Sources */,
				433452411D23E5300091BCBD /* WKModelBaseVC.m in Sources */,
				433452351D23CD980091BCBD /* WKAnimatorManager.m in Sources */,
				433452321D23CD870091BCBD /* WKBaseAnimator.m in Sources */,
			);
			runOnlyForDeploymentPostprocessing = 0;
		};
		18D376D41D1505900060C35B /* Sources */ = {
			isa = PBXSourcesBuildPhase;
			buildActionMask = 2147483647;
			files = (
				18D376DD1D1505900060C35B /* WK__Tests.m in Sources */,
			);
			runOnlyForDeploymentPostprocessing = 0;
		};
		18D376DF1D1505900060C35B /* Sources */ = {
			isa = PBXSourcesBuildPhase;
			buildActionMask = 2147483647;
			files = (
				18D376E81D1505900060C35B /* WK__UITests.m in Sources */,
			);
			runOnlyForDeploymentPostprocessing = 0;
		};
/* End PBXSourcesBuildPhase section */

/* Begin PBXTargetDependency section */
		18D376DA1D1505900060C35B /* PBXTargetDependency */ = {
			isa = PBXTargetDependency;
			target = 18D376BE1D1505900060C35B /* WK天气 */;
			targetProxy = 18D376D91D1505900060C35B /* PBXContainerItemProxy */;
		};
		18D376E51D1505900060C35B /* PBXTargetDependency */ = {
			isa = PBXTargetDependency;
			target = 18D376BE1D1505900060C35B /* WK天气 */;
			targetProxy = 18D376E41D1505900060C35B /* PBXContainerItemProxy */;
		};
/* End PBXTargetDependency section */

/* Begin PBXVariantGroup section */
		18D376CB1D1505900060C35B /* Main.storyboard */ = {
			isa = PBXVariantGroup;
			children = (
				18D376CC1D1505900060C35B /* Base */,
			);
			name = Main.storyboard;
			sourceTree = "<group>";
		};
		18D376D01D1505900060C35B /* LaunchScreen.storyboard */ = {
			isa = PBXVariantGroup;
			children = (
				18D376D11D1505900060C35B /* Base */,
			);
			name = LaunchScreen.storyboard;
			sourceTree = "<group>";
		};
/* End PBXVariantGroup section */

/* Begin XCBuildConfiguration section */
		18D376EA1D1505900060C35B /* Debug */ = {
			isa = XCBuildConfiguration;
			buildSettings = {
				ALWAYS_SEARCH_USER_PATHS = NO;
				CLANG_ANALYZER_NONNULL = YES;
				CLANG_CXX_LANGUAGE_STANDARD = "gnu++0x";
				CLANG_CXX_LIBRARY = "libc++";
				CLANG_ENABLE_MODULES = YES;
				CLANG_ENABLE_OBJC_ARC = YES;
				CLANG_WARN_BOOL_CONVERSION = YES;
				CLANG_WARN_CONSTANT_CONVERSION = YES;
				CLANG_WARN_DIRECT_OBJC_ISA_USAGE = YES_ERROR;
				CLANG_WARN_EMPTY_BODY = YES;
				CLANG_WARN_ENUM_CONVERSION = YES;
				CLANG_WARN_INT_CONVERSION = YES;
				CLANG_WARN_OBJC_ROOT_CLASS = YES_ERROR;
				CLANG_WARN_UNREACHABLE_CODE = YES;
				CLANG_WARN__DUPLICATE_METHOD_MATCH = YES;
				"CODE_SIGN_IDENTITY[sdk=iphoneos*]" = "iPhone Developer";
				COPY_PHASE_STRIP = NO;
				DEBUG_INFORMATION_FORMAT = dwarf;
				ENABLE_STRICT_OBJC_MSGSEND = YES;
				ENABLE_TESTABILITY = YES;
				GCC_C_LANGUAGE_STANDARD = gnu99;
				GCC_DYNAMIC_NO_PIC = NO;
				GCC_NO_COMMON_BLOCKS = YES;
				GCC_OPTIMIZATION_LEVEL = 0;
				GCC_PREPROCESSOR_DEFINITIONS = (
					"DEBUG=1",
					"$(inherited)",
				);
				GCC_WARN_64_TO_32_BIT_CONVERSION = YES;
				GCC_WARN_ABOUT_RETURN_TYPE = YES_ERROR;
				GCC_WARN_UNDECLARED_SELECTOR = YES;
				GCC_WARN_UNINITIALIZED_AUTOS = YES_AGGRESSIVE;
				GCC_WARN_UNUSED_FUNCTION = YES;
				GCC_WARN_UNUSED_VARIABLE = YES;
				IPHONEOS_DEPLOYMENT_TARGET = 9.3;
				MTL_ENABLE_DEBUG_INFO = YES;
				ONLY_ACTIVE_ARCH = YES;
				SDKROOT = iphoneos;
				TARGETED_DEVICE_FAMILY = "1,2";
			};
			name = Debug;
		};
		18D376EB1D1505900060C35B /* Release */ = {
			isa = XCBuildConfiguration;
			buildSettings = {
				ALWAYS_SEARCH_USER_PATHS = NO;
				CLANG_ANALYZER_NONNULL = YES;
				CLANG_CXX_LANGUAGE_STANDARD = "gnu++0x";
				CLANG_CXX_LIBRARY = "libc++";
				CLANG_ENABLE_MODULES = YES;
				CLANG_ENABLE_OBJC_ARC = YES;
				CLANG_WARN_BOOL_CONVERSION = YES;
				CLANG_WARN_CONSTANT_CONVERSION = YES;
				CLANG_WARN_DIRECT_OBJC_ISA_USAGE = YES_ERROR;
				CLANG_WARN_EMPTY_BODY = YES;
				CLANG_WARN_ENUM_CONVERSION = YES;
				CLANG_WARN_INT_CONVERSION = YES;
				CLANG_WARN_OBJC_ROOT_CLASS = YES_ERROR;
				CLANG_WARN_UNREACHABLE_CODE = YES;
				CLANG_WARN__DUPLICATE_METHOD_MATCH = YES;
				"CODE_SIGN_IDENTITY[sdk=iphoneos*]" = "iPhone Developer";
				COPY_PHASE_STRIP = NO;
				DEBUG_INFORMATION_FORMAT = "dwarf-with-dsym";
				ENABLE_NS_ASSERTIONS = NO;
				ENABLE_STRICT_OBJC_MSGSEND = YES;
				GCC_C_LANGUAGE_STANDARD = gnu99;
				GCC_NO_COMMON_BLOCKS = YES;
				GCC_WARN_64_TO_32_BIT_CONVERSION = YES;
				GCC_WARN_ABOUT_RETURN_TYPE = YES_ERROR;
				GCC_WARN_UNDECLARED_SELECTOR = YES;
				GCC_WARN_UNINITIALIZED_AUTOS = YES_AGGRESSIVE;
				GCC_WARN_UNUSED_FUNCTION = YES;
				GCC_WARN_UNUSED_VARIABLE = YES;
				IPHONEOS_DEPLOYMENT_TARGET = 9.3;
				MTL_ENABLE_DEBUG_INFO = NO;
				SDKROOT = iphoneos;
				TARGETED_DEVICE_FAMILY = "1,2";
				VALIDATE_PRODUCT = YES;
			};
			name = Release;
		};
		18D376ED1D1505900060C35B /* Debug */ = {
			isa = XCBuildConfiguration;
			baseConfigurationReference = F1863BEA34405BB032D75D28 /* Pods.debug.xcconfig */;
			buildSettings = {
				ASSETCATALOG_COMPILER_APPICON_NAME = AppIcon;
				GCC_PRECOMPILE_PREFIX_HEADER = YES;
				GCC_PREFIX_HEADER = "WK天气/WKCommonHeader.pch";
				INFOPLIST_FILE = "WK天气/Info.plist";
				LD_RUNPATH_SEARCH_PATHS = "$(inherited) @executable_path/Frameworks";
				PRODUCT_BUNDLE_IDENTIFIER = com.wkweather;
				PRODUCT_NAME = "$(TARGET_NAME)";
			};
			name = Debug;
		};
		18D376EE1D1505900060C35B /* Release */ = {
			isa = XCBuildConfiguration;
			baseConfigurationReference = EA550F750B0E33263F8E474C /* Pods.release.xcconfig */;
			buildSettings = {
				ASSETCATALOG_COMPILER_APPICON_NAME = AppIcon;
				GCC_PRECOMPILE_PREFIX_HEADER = YES;
				GCC_PREFIX_HEADER = "WK天气/WKCommonHeader.pch";
				INFOPLIST_FILE = "WK天气/Info.plist";
				LD_RUNPATH_SEARCH_PATHS = "$(inherited) @executable_path/Frameworks";
				PRODUCT_BUNDLE_IDENTIFIER = com.wkweather;
				PRODUCT_NAME = "$(TARGET_NAME)";
			};
			name = Release;
		};
		18D376F01D1505900060C35B /* Debug */ = {
			isa = XCBuildConfiguration;
			buildSettings = {
				BUNDLE_LOADER = "$(TEST_HOST)";
				INFOPLIST_FILE = "WK天气Tests/Info.plist";
				LD_RUNPATH_SEARCH_PATHS = "$(inherited) @executable_path/Frameworks @loader_path/Frameworks";
				PRODUCT_BUNDLE_IDENTIFIER = "--.WK--Tests";
				PRODUCT_NAME = "$(TARGET_NAME)";
				TEST_HOST = "$(BUILT_PRODUCTS_DIR)/WK天气.app/WK天气";
			};
			name = Debug;
		};
		18D376F11D1505900060C35B /* Release */ = {
			isa = XCBuildConfiguration;
			buildSettings = {
				BUNDLE_LOADER = "$(TEST_HOST)";
				INFOPLIST_FILE = "WK天气Tests/Info.plist";
				LD_RUNPATH_SEARCH_PATHS = "$(inherited) @executable_path/Frameworks @loader_path/Frameworks";
				PRODUCT_BUNDLE_IDENTIFIER = "--.WK--Tests";
				PRODUCT_NAME = "$(TARGET_NAME)";
				TEST_HOST = "$(BUILT_PRODUCTS_DIR)/WK天气.app/WK天气";
			};
			name = Release;
		};
		18D376F31D1505900060C35B /* Debug */ = {
			isa = XCBuildConfiguration;
			buildSettings = {
				INFOPLIST_FILE = "WK天气UITests/Info.plist";
				LD_RUNPATH_SEARCH_PATHS = "$(inherited) @executable_path/Frameworks @loader_path/Frameworks";
				PRODUCT_BUNDLE_IDENTIFIER = "--.WK--UITests";
				PRODUCT_NAME = "$(TARGET_NAME)";
				TEST_TARGET_NAME = "WK天气";
			};
			name = Debug;
		};
		18D376F41D1505900060C35B /* Release */ = {
			isa = XCBuildConfiguration;
			buildSettings = {
				INFOPLIST_FILE = "WK天气UITests/Info.plist";
				LD_RUNPATH_SEARCH_PATHS = "$(inherited) @executable_path/Frameworks @loader_path/Frameworks";
				PRODUCT_BUNDLE_IDENTIFIER = "--.WK--UITests";
				PRODUCT_NAME = "$(TARGET_NAME)";
				TEST_TARGET_NAME = "WK天气";
			};
			name = Release;
		};
/* End XCBuildConfiguration section */

/* Begin XCConfigurationList section */
		18D376BA1D1505900060C35B /* Build configuration list for PBXProject "WK天气" */ = {
			isa = XCConfigurationList;
			buildConfigurations = (
				18D376EA1D1505900060C35B /* Debug */,
				18D376EB1D1505900060C35B /* Release */,
			);
			defaultConfigurationIsVisible = 0;
			defaultConfigurationName = Release;
		};
		18D376EC1D1505900060C35B /* Build configuration list for PBXNativeTarget "WK天气" */ = {
			isa = XCConfigurationList;
			buildConfigurations = (
				18D376ED1D1505900060C35B /* Debug */,
				18D376EE1D1505900060C35B /* Release */,
			);
			defaultConfigurationIsVisible = 0;
			defaultConfigurationName = Release;
		};
		18D376EF1D1505900060C35B /* Build configuration list for PBXNativeTarget "WK天气Tests" */ = {
			isa = XCConfigurationList;
			buildConfigurations = (
				18D376F01D1505900060C35B /* Debug */,
				18D376F11D1505900060C35B /* Release */,
			);
			defaultConfigurationIsVisible = 0;
			defaultConfigurationName = Release;
		};
		18D376F21D1505900060C35B /* Build configuration list for PBXNativeTarget "WK天气UITests" */ = {
			isa = XCConfigurationList;
			buildConfigurations = (
				18D376F31D1505900060C35B /* Debug */,
				18D376F41D1505900060C35B /* Release */,
			);
			defaultConfigurationIsVisible = 0;
			defaultConfigurationName = Release;
		};
/* End XCConfigurationList section */
	};
	rootObject = 18D376B71D1505900060C35B /* Project object */;
}
